// !$*UTF8*$!
{
	archiveVersion = 1;
	classes = {
	};
	objectVersion = 55;
	objects = {

/* Begin PBXBuildFile section */
		28180A8DE51D32C3F7854CDF /* Pods_RisingTest.framework in Frameworks */ = {isa = PBXBuildFile; fileRef = C1C2728AA16F1022018E204F /* Pods_RisingTest.framework */; };
		8902130F28E2C6A9001D71E9 /* AddressEditResponse.swift in Sources */ = {isa = PBXBuildFile; fileRef = 8902130E28E2C6A9001D71E9 /* AddressEditResponse.swift */; };
		8902131128E2D076001D71E9 /* NewAddressRequest.swift in Sources */ = {isa = PBXBuildFile; fileRef = 8902131028E2D076001D71E9 /* NewAddressRequest.swift */; };
		8902131328E2D7E5001D71E9 /* Notification.swift in Sources */ = {isa = PBXBuildFile; fileRef = 8902131228E2D7E5001D71E9 /* Notification.swift */; };
		8902131728E2EDED001D71E9 /* AddressAddViewController.swift in Sources */ = {isa = PBXBuildFile; fileRef = 8902131628E2EDED001D71E9 /* AddressAddViewController.swift */; };
		8902131928E2F422001D71E9 /* AddressAddResponse.swift in Sources */ = {isa = PBXBuildFile; fileRef = 8902131828E2F422001D71E9 /* AddressAddResponse.swift */; };
		890F195E28D8DA9C00927292 /* LoginCollectionViewCell.swift in Sources */ = {isa = PBXBuildFile; fileRef = 890F195D28D8DA9C00927292 /* LoginCollectionViewCell.swift */; };
		890F196128D8EBCD00927292 /* UIButton.swift in Sources */ = {isa = PBXBuildFile; fileRef = 890F196028D8EBCD00927292 /* UIButton.swift */; };
		891179FF28E20D2900985C10 /* AddressEditViewController.swift in Sources */ = {isa = PBXBuildFile; fileRef = 891179FE28E20D2900985C10 /* AddressEditViewController.swift */; };
		89152A9C28D83F490071225D /* LoginStoryboard.storyboard in Resources */ = {isa = PBXBuildFile; fileRef = 89152A9B28D83F490071225D /* LoginStoryboard.storyboard */; };
		89152A9E28D840670071225D /* LoginViewController.swift in Sources */ = {isa = PBXBuildFile; fileRef = 89152A9D28D840670071225D /* LoginViewController.swift */; };
		8965255228DCCAD5004A7D1F /* SearchChildViewController.swift in Sources */ = {isa = PBXBuildFile; fileRef = 8965255128DCCAD5004A7D1F /* SearchChildViewController.swift */; };
		8965255428DCCCD4004A7D1F /* SearchRecentCollectionViewCell.swift in Sources */ = {isa = PBXBuildFile; fileRef = 8965255328DCCCD4004A7D1F /* SearchRecentCollectionViewCell.swift */; };
		8965255628DD1EB5004A7D1F /* SearchPopularCollectionViewCell.swift in Sources */ = {isa = PBXBuildFile; fileRef = 8965255528DD1EB5004A7D1F /* SearchPopularCollectionViewCell.swift */; };
		8965255828DD2637004A7D1F /* SearchCategoryCollectionViewCell.swift in Sources */ = {isa = PBXBuildFile; fileRef = 8965255728DD2637004A7D1F /* SearchCategoryCollectionViewCell.swift */; };
		8965255B28DD2B3A004A7D1F /* KakaoSDKAuth in Frameworks */ = {isa = PBXBuildFile; productRef = 8965255A28DD2B3A004A7D1F /* KakaoSDKAuth */; };
		8965255D28DD2B3A004A7D1F /* KakaoSDKCommon in Frameworks */ = {isa = PBXBuildFile; productRef = 8965255C28DD2B3A004A7D1F /* KakaoSDKCommon */; };
		8965255F28DD2B3A004A7D1F /* KakaoSDKUser in Frameworks */ = {isa = PBXBuildFile; productRef = 8965255E28DD2B3A004A7D1F /* KakaoSDKUser */; };
		8987BA9228E0DFC900A9C871 /* AddressCollectionViewCell.swift in Sources */ = {isa = PBXBuildFile; fileRef = 8987BA9028E0DFC900A9C871 /* AddressCollectionViewCell.swift */; };
		8987BA9328E0DFC900A9C871 /* AddressCollectionViewCell.xib in Resources */ = {isa = PBXBuildFile; fileRef = 8987BA9128E0DFC900A9C871 /* AddressCollectionViewCell.xib */; };
		8987BA9528E0E3CA00A9C871 /* OrderViewController.swift in Sources */ = {isa = PBXBuildFile; fileRef = 8987BA9428E0E3CA00A9C871 /* OrderViewController.swift */; };
		8987BA9728E0E47800A9C871 /* OrderTitleCollectionViewCell.swift in Sources */ = {isa = PBXBuildFile; fileRef = 8987BA9628E0E47800A9C871 /* OrderTitleCollectionViewCell.swift */; };
		8991A4DF28DEF68A00D5AC2B /* UINavigationBar.swift in Sources */ = {isa = PBXBuildFile; fileRef = 8991A4DE28DEF68A00D5AC2B /* UINavigationBar.swift */; };
		8991A4E228DEFACF00D5AC2B /* Tabman in Frameworks */ = {isa = PBXBuildFile; productRef = 8991A4E128DEFACF00D5AC2B /* Tabman */; };
		8991A4E428DEFEDB00D5AC2B /* TabManViewController.swift in Sources */ = {isa = PBXBuildFile; fileRef = 8991A4E328DEFEDB00D5AC2B /* TabManViewController.swift */; };
		8991A4E628DF009800D5AC2B /* RecommendViewController.swift in Sources */ = {isa = PBXBuildFile; fileRef = 8991A4E528DF009800D5AC2B /* RecommendViewController.swift */; };
		8991A4E828DF00A200D5AC2B /* BrandViewController.swift in Sources */ = {isa = PBXBuildFile; fileRef = 8991A4E728DF00A200D5AC2B /* BrandViewController.swift */; };
		8991A4EA28DF15F800D5AC2B /* RecommendCollectionViewCell.swift in Sources */ = {isa = PBXBuildFile; fileRef = 8991A4E928DF15F800D5AC2B /* RecommendCollectionViewCell.swift */; };
		8991A4EC28DF57B900D5AC2B /* String.swift in Sources */ = {isa = PBXBuildFile; fileRef = 8991A4EB28DF57B900D5AC2B /* String.swift */; };
		8991A4EF28DF718600D5AC2B /* DetailViewController.swift in Sources */ = {isa = PBXBuildFile; fileRef = 8991A4EE28DF718600D5AC2B /* DetailViewController.swift */; };
		8991A4F228E0541600D5AC2B /* ImageCollectionViewCell.swift in Sources */ = {isa = PBXBuildFile; fileRef = 8991A4F128E0541600D5AC2B /* ImageCollectionViewCell.swift */; };
		8991A4F428E06F6100D5AC2B /* PaddingLabel.swift in Sources */ = {isa = PBXBuildFile; fileRef = 8991A4F328E06F6100D5AC2B /* PaddingLabel.swift */; };
		8991A4F728E0945C00D5AC2B /* GoodsResponse.swift in Sources */ = {isa = PBXBuildFile; fileRef = 8991A4F628E0945C00D5AC2B /* GoodsResponse.swift */; };
		8991A4F928E094F500D5AC2B /* GoodsDataManager.swift in Sources */ = {isa = PBXBuildFile; fileRef = 8991A4F828E094F500D5AC2B /* GoodsDataManager.swift */; };
		8991A4FC28E0B1C400D5AC2B /* UserGoodsCollectionReusableView.swift in Sources */ = {isa = PBXBuildFile; fileRef = 8991A4FA28E0B1C400D5AC2B /* UserGoodsCollectionReusableView.swift */; };
		8991A4FD28E0B1C400D5AC2B /* UserGoodsCollectionReusableView.xib in Resources */ = {isa = PBXBuildFile; fileRef = 8991A4FB28E0B1C400D5AC2B /* UserGoodsCollectionReusableView.xib */; };
		8991A4FF28E0CA9300D5AC2B /* UserGoodsCollectionViewCell.swift in Sources */ = {isa = PBXBuildFile; fileRef = 8991A4FE28E0CA9300D5AC2B /* UserGoodsCollectionViewCell.swift */; };
		8991A50228E0CE7100D5AC2B /* UserGoodsFooterCollectionReusableView.swift in Sources */ = {isa = PBXBuildFile; fileRef = 8991A50028E0CE7100D5AC2B /* UserGoodsFooterCollectionReusableView.swift */; };
		8991A50528E0D11000D5AC2B /* ReviewHeaderCollectionReusableView.swift in Sources */ = {isa = PBXBuildFile; fileRef = 8991A50428E0D11000D5AC2B /* ReviewHeaderCollectionReusableView.swift */; };
		8991A50728E0D12400D5AC2B /* ReviewFooterCollectionReusableView.swift in Sources */ = {isa = PBXBuildFile; fileRef = 8991A50628E0D12400D5AC2B /* ReviewFooterCollectionReusableView.swift */; };
		8991A50928E0D15F00D5AC2B /* ReviewCollectionViewCell.swift in Sources */ = {isa = PBXBuildFile; fileRef = 8991A50828E0D15F00D5AC2B /* ReviewCollectionViewCell.swift */; };
		89939DB628DDD07E002004C2 /* Constant.swift in Sources */ = {isa = PBXBuildFile; fileRef = 89939DB528DDD07E002004C2 /* Constant.swift */; };
		89939DB828DDD0E3002004C2 /* LoginDataManager.swift in Sources */ = {isa = PBXBuildFile; fileRef = 89939DB728DDD0E3002004C2 /* LoginDataManager.swift */; };
		89939DBB28DDD29D002004C2 /* LoginResponse.swift in Sources */ = {isa = PBXBuildFile; fileRef = 89939DBA28DDD29D002004C2 /* LoginResponse.swift */; };
		89939DBD28DE0F68002004C2 /* UIViewController.swift in Sources */ = {isa = PBXBuildFile; fileRef = 89939DBC28DE0F68002004C2 /* UIViewController.swift */; };
		89939DC128DE1622002004C2 /* BannerCollectionViewCell.swift in Sources */ = {isa = PBXBuildFile; fileRef = 89939DC028DE1622002004C2 /* BannerCollectionViewCell.swift */; };
		89939DC428DE1D28002004C2 /* HomeResponse.swift in Sources */ = {isa = PBXBuildFile; fileRef = 89939DC328DE1D28002004C2 /* HomeResponse.swift */; };
		89939DC628DE1E07002004C2 /* HomeDataManager.swift in Sources */ = {isa = PBXBuildFile; fileRef = 89939DC528DE1E07002004C2 /* HomeDataManager.swift */; };
		89939DC828DE25D9002004C2 /* UIImageView.swift in Sources */ = {isa = PBXBuildFile; fileRef = 89939DC728DE25D9002004C2 /* UIImageView.swift */; };
		89939DCA28DE2E08002004C2 /* HomeCategoryCollectionViewCell.swift in Sources */ = {isa = PBXBuildFile; fileRef = 89939DC928DE2E08002004C2 /* HomeCategoryCollectionViewCell.swift */; };
		8994934C28D9911A00333811 /* WriteViewController.swift in Sources */ = {isa = PBXBuildFile; fileRef = 8994934B28D9911A00333811 /* WriteViewController.swift */; };
		8994934E28D9918600333811 /* MainTabBarController.swift in Sources */ = {isa = PBXBuildFile; fileRef = 8994934D28D9918600333811 /* MainTabBarController.swift */; };
		8994935028D99C4000333811 /* SearchViewController.swift in Sources */ = {isa = PBXBuildFile; fileRef = 8994934F28D99C4000333811 /* SearchViewController.swift */; };
		8994935928D9B98E00333811 /* WriteUploadCollectionViewCell.swift in Sources */ = {isa = PBXBuildFile; fileRef = 8994935728D9B98E00333811 /* WriteUploadCollectionViewCell.swift */; };
		8994935A28D9B98E00333811 /* WriteUploadCollectionViewCell.xib in Resources */ = {isa = PBXBuildFile; fileRef = 8994935828D9B98E00333811 /* WriteUploadCollectionViewCell.xib */; };
		89C0EB5828E171E800243D00 /* AddressesResponse.swift in Sources */ = {isa = PBXBuildFile; fileRef = 89C0EB5728E171E800243D00 /* AddressesResponse.swift */; };
		89C0EB5A28E1740300243D00 /* AddressesDataManager.swift in Sources */ = {isa = PBXBuildFile; fileRef = 89C0EB5928E1740300243D00 /* AddressesDataManager.swift */; };
		89C0EB5C28E177C900243D00 /* SelectAddressViewController.swift in Sources */ = {isa = PBXBuildFile; fileRef = 89C0EB5B28E177C900243D00 /* SelectAddressViewController.swift */; };
		89C0EB5E28E1799100243D00 /* AddressSelectTableViewCell.swift in Sources */ = {isa = PBXBuildFile; fileRef = 89C0EB5D28E1799100243D00 /* AddressSelectTableViewCell.swift */; };
		89C3D59128E4AEE4002A9507 /* AgreementPayCollectionViewCell.swift in Sources */ = {isa = PBXBuildFile; fileRef = 89C3D58F28E4AEE4002A9507 /* AgreementPayCollectionViewCell.swift */; };
		89C3D59228E4AEE4002A9507 /* AgreementPayCollectionViewCell.xib in Resources */ = {isa = PBXBuildFile; fileRef = 89C3D59028E4AEE4002A9507 /* AgreementPayCollectionViewCell.xib */; };
		89C3D59428E4B4A6002A9507 /* AgreementPopupViewController.swift in Sources */ = {isa = PBXBuildFile; fileRef = 89C3D59328E4B4A6002A9507 /* AgreementPopupViewController.swift */; };
		89C3D59728E4B68C002A9507 /* OrderRequest.swift in Sources */ = {isa = PBXBuildFile; fileRef = 89C3D59628E4B68C002A9507 /* OrderRequest.swift */; };
		89C3D59928E4BA06002A9507 /* OrderResponse.swift in Sources */ = {isa = PBXBuildFile; fileRef = 89C3D59828E4BA06002A9507 /* OrderResponse.swift */; };
		89C3D59D28E4BF71002A9507 /* OrderCompleteViewController.swift in Sources */ = {isa = PBXBuildFile; fileRef = 89C3D59C28E4BF71002A9507 /* OrderCompleteViewController.swift */; };
		89C3D5A028E529BA002A9507 /* OrderDetailHeaderView.swift in Sources */ = {isa = PBXBuildFile; fileRef = 89C3D59F28E529BA002A9507 /* OrderDetailHeaderView.swift */; };
		89C3D5A228E52A8F002A9507 /* OrderDetailViewController.swift in Sources */ = {isa = PBXBuildFile; fileRef = 89C3D5A128E52A8F002A9507 /* OrderDetailViewController.swift */; };
		89C3D5A428E52B74002A9507 /* OrderDetailHeaderView.xib in Resources */ = {isa = PBXBuildFile; fileRef = 89C3D5A328E52B74002A9507 /* OrderDetailHeaderView.xib */; };
		89C3D5A628E53572002A9507 /* OrderDetailSectionHeaderView.xib in Resources */ = {isa = PBXBuildFile; fileRef = 89C3D5A528E53572002A9507 /* OrderDetailSectionHeaderView.xib */; };
		89C3D5A828E53711002A9507 /* OrderDetailSectionHeaderView.swift in Sources */ = {isa = PBXBuildFile; fileRef = 89C3D5A728E53711002A9507 /* OrderDetailSectionHeaderView.swift */; };
		89C3D5AA28E53A93002A9507 /* OrderDetailTableViewCell.swift in Sources */ = {isa = PBXBuildFile; fileRef = 89C3D5A928E53A93002A9507 /* OrderDetailTableViewCell.swift */; };
		89C3D5AC28E53D84002A9507 /* OrderDataManager.swift in Sources */ = {isa = PBXBuildFile; fileRef = 89C3D5AB28E53D84002A9507 /* OrderDataManager.swift */; };
		89C3D5AF28E53EEC002A9507 /* OrderDetailResponse.swift in Sources */ = {isa = PBXBuildFile; fileRef = 89C3D5AE28E53EEC002A9507 /* OrderDetailResponse.swift */; };
		89D2FCF728E5CAFB000C118C /* CategoryTableViewCell.swift in Sources */ = {isa = PBXBuildFile; fileRef = 89D2FCF628E5CAFB000C118C /* CategoryTableViewCell.swift */; };
		89D2FCF928E5CDEA000C118C /* WriteDataManager.swift in Sources */ = {isa = PBXBuildFile; fileRef = 89D2FCF828E5CDEA000C118C /* WriteDataManager.swift */; };
		89D2FCFC28E5CE9C000C118C /* CategoryResponse.swift in Sources */ = {isa = PBXBuildFile; fileRef = 89D2FCFB28E5CE9C000C118C /* CategoryResponse.swift */; };
		89D2FCFE28E5D0E5000C118C /* CategoryOptionTableViewCell.swift in Sources */ = {isa = PBXBuildFile; fileRef = 89D2FCFD28E5D0E5000C118C /* CategoryOptionTableViewCell.swift */; };
		89D2FD0028E5D0FA000C118C /* CategoryOptionHeaderView.swift in Sources */ = {isa = PBXBuildFile; fileRef = 89D2FCFF28E5D0FA000C118C /* CategoryOptionHeaderView.swift */; };
		89D2FD0228E5D10F000C118C /* CategoryOptionViewController.swift in Sources */ = {isa = PBXBuildFile; fileRef = 89D2FD0128E5D10F000C118C /* CategoryOptionViewController.swift */; };
		89D2FD0428E5EF61000C118C /* OptionViewController.swift in Sources */ = {isa = PBXBuildFile; fileRef = 89D2FD0328E5EF61000C118C /* OptionViewController.swift */; };
		89D2FD0628E5F97A000C118C /* WriteRequest.swift in Sources */ = {isa = PBXBuildFile; fileRef = 89D2FD0528E5F97A000C118C /* WriteRequest.swift */; };
		89D2FD0828E6107F000C118C /* WriteResponse.swift in Sources */ = {isa = PBXBuildFile; fileRef = 89D2FD0728E6107F000C118C /* WriteResponse.swift */; };
		89D2FD0C28E6544F000C118C /* PostLikeResponse.swift in Sources */ = {isa = PBXBuildFile; fileRef = 89D2FD0B28E6544F000C118C /* PostLikeResponse.swift */; };
		89D2FD0E28E65519000C118C /* LikeListResponse.swift in Sources */ = {isa = PBXBuildFile; fileRef = 89D2FD0D28E65519000C118C /* LikeListResponse.swift */; };
		89D2FD1028E6560E000C118C /* PatchLikeResponse.swift in Sources */ = {isa = PBXBuildFile; fileRef = 89D2FD0F28E6560E000C118C /* PatchLikeResponse.swift */; };
		89D2FD1228E65678000C118C /* LikeDataManager.swift in Sources */ = {isa = PBXBuildFile; fileRef = 89D2FD1128E65678000C118C /* LikeDataManager.swift */; };
		89D87C7E28E4385D005D5756 /* AddressRemoveViewController.swift in Sources */ = {isa = PBXBuildFile; fileRef = 89D87C7D28E4385D005D5756 /* AddressRemoveViewController.swift */; };
		89D87C8128E447C8005D5756 /* PointCollectionViewCell.swift in Sources */ = {isa = PBXBuildFile; fileRef = 89D87C7F28E447C8005D5756 /* PointCollectionViewCell.swift */; };
		89D87C8228E447C8005D5756 /* PointCollectionViewCell.xib in Resources */ = {isa = PBXBuildFile; fileRef = 89D87C8028E447C8005D5756 /* PointCollectionViewCell.xib */; };
		89D87C8528E44D57005D5756 /* PriceCollectionViewCell.swift in Sources */ = {isa = PBXBuildFile; fileRef = 89D87C8328E44D57005D5756 /* PriceCollectionViewCell.swift */; };
		89D87C8628E44D57005D5756 /* PriceCollectionViewCell.xib in Resources */ = {isa = PBXBuildFile; fileRef = 89D87C8428E44D57005D5756 /* PriceCollectionViewCell.xib */; };
		89D87C8928E4753B005D5756 /* PaymentCollectionViewCell.swift in Sources */ = {isa = PBXBuildFile; fileRef = 89D87C8728E4753B005D5756 /* PaymentCollectionViewCell.swift */; };
		89D87C8A28E4753B005D5756 /* PaymentCollectionViewCell.xib in Resources */ = {isa = PBXBuildFile; fileRef = 89D87C8828E4753B005D5756 /* PaymentCollectionViewCell.xib */; };
		89D87C8C28E4A3F3005D5756 /* PaymentViewController.swift in Sources */ = {isa = PBXBuildFile; fileRef = 89D87C8B28E4A3F3005D5756 /* PaymentViewController.swift */; };
		89E4797628D7681900C3E1E0 /* AppDelegate.swift in Sources */ = {isa = PBXBuildFile; fileRef = 89E4797528D7681900C3E1E0 /* AppDelegate.swift */; };
		89E4797828D7681900C3E1E0 /* SceneDelegate.swift in Sources */ = {isa = PBXBuildFile; fileRef = 89E4797728D7681900C3E1E0 /* SceneDelegate.swift */; };
		89E4797A28D7681900C3E1E0 /* HomeViewController.swift in Sources */ = {isa = PBXBuildFile; fileRef = 89E4797928D7681900C3E1E0 /* HomeViewController.swift */; };
		89E4797D28D7681900C3E1E0 /* MainStoryboard.storyboard in Resources */ = {isa = PBXBuildFile; fileRef = 89E4797B28D7681900C3E1E0 /* MainStoryboard.storyboard */; };
		89E4797F28D7681900C3E1E0 /* Assets.xcassets in Resources */ = {isa = PBXBuildFile; fileRef = 89E4797E28D7681900C3E1E0 /* Assets.xcassets */; };
		89E4798228D7681900C3E1E0 /* LaunchScreen.storyboard in Resources */ = {isa = PBXBuildFile; fileRef = 89E4798028D7681900C3E1E0 /* LaunchScreen.storyboard */; };
		89E6C35B28DAF5A100A48052 /* WritePhotoCollectionViewCell.swift in Sources */ = {isa = PBXBuildFile; fileRef = 89E6C35928DAF5A100A48052 /* WritePhotoCollectionViewCell.swift */; };
		89E6C35C28DAF5A100A48052 /* WritePhotoCollectionViewCell.xib in Resources */ = {isa = PBXBuildFile; fileRef = 89E6C35A28DAF5A100A48052 /* WritePhotoCollectionViewCell.xib */; };
		89E6C36128DB071A00A48052 /* UIView.swift in Sources */ = {isa = PBXBuildFile; fileRef = 89E6C36028DB071A00A48052 /* UIView.swift */; };
		89E89A5C28E1B5FF0029D0BA /* AddressManagementTableViewCell.swift in Sources */ = {isa = PBXBuildFile; fileRef = 89E89A5B28E1B5FF0029D0BA /* AddressManagementTableViewCell.swift */; };
		89E89A5E28E1C3C20029D0BA /* SelectReceiptViewController.swift in Sources */ = {isa = PBXBuildFile; fileRef = 89E89A5D28E1C3C20029D0BA /* SelectReceiptViewController.swift */; };
		89E89A6028E1F0BD0029D0BA /* AddressManagementViewController.swift in Sources */ = {isa = PBXBuildFile; fileRef = 89E89A5F28E1F0BD0029D0BA /* AddressManagementViewController.swift */; };
		89E89A6228E1F9E50029D0BA /* AddressManagementHeaderView.swift in Sources */ = {isa = PBXBuildFile; fileRef = 89E89A6128E1F9E50029D0BA /* AddressManagementHeaderView.swift */; };
		89F452D928E5949500E86E03 /* TagViewController.swift in Sources */ = {isa = PBXBuildFile; fileRef = 89F452D828E5949500E86E03 /* TagViewController.swift */; };
		89F452DC28E5970300E86E03 /* TagCollectionViewCell.swift in Sources */ = {isa = PBXBuildFile; fileRef = 89F452DB28E5970300E86E03 /* TagCollectionViewCell.swift */; };
		89F452DE28E5B04500E86E03 /* CategoryViewController.swift in Sources */ = {isa = PBXBuildFile; fileRef = 89F452DD28E5B04500E86E03 /* CategoryViewController.swift */; };
/* End PBXBuildFile section */

/* Begin PBXFileReference section */
		7EF7B189EF1D211D9607F2D7 /* Pods-RisingTest.release.xcconfig */ = {isa = PBXFileReference; includeInIndex = 1; lastKnownFileType = text.xcconfig; name = "Pods-RisingTest.release.xcconfig"; path = "Target Support Files/Pods-RisingTest/Pods-RisingTest.release.xcconfig"; sourceTree = "<group>"; };
		8902130E28E2C6A9001D71E9 /* AddressEditResponse.swift */ = {isa = PBXFileReference; lastKnownFileType = sourcecode.swift; path = AddressEditResponse.swift; sourceTree = "<group>"; };
		8902131028E2D076001D71E9 /* NewAddressRequest.swift */ = {isa = PBXFileReference; lastKnownFileType = sourcecode.swift; path = NewAddressRequest.swift; sourceTree = "<group>"; };
		8902131228E2D7E5001D71E9 /* Notification.swift */ = {isa = PBXFileReference; lastKnownFileType = sourcecode.swift; path = Notification.swift; sourceTree = "<group>"; };
		8902131628E2EDED001D71E9 /* AddressAddViewController.swift */ = {isa = PBXFileReference; lastKnownFileType = sourcecode.swift; path = AddressAddViewController.swift; sourceTree = "<group>"; };
		8902131828E2F422001D71E9 /* AddressAddResponse.swift */ = {isa = PBXFileReference; lastKnownFileType = sourcecode.swift; path = AddressAddResponse.swift; sourceTree = "<group>"; };
		890F195D28D8DA9C00927292 /* LoginCollectionViewCell.swift */ = {isa = PBXFileReference; lastKnownFileType = sourcecode.swift; path = LoginCollectionViewCell.swift; sourceTree = "<group>"; };
		890F196028D8EBCD00927292 /* UIButton.swift */ = {isa = PBXFileReference; lastKnownFileType = sourcecode.swift; path = UIButton.swift; sourceTree = "<group>"; };
		891179FE28E20D2900985C10 /* AddressEditViewController.swift */ = {isa = PBXFileReference; lastKnownFileType = sourcecode.swift; path = AddressEditViewController.swift; sourceTree = "<group>"; };
		89152A9B28D83F490071225D /* LoginStoryboard.storyboard */ = {isa = PBXFileReference; lastKnownFileType = file.storyboard; path = LoginStoryboard.storyboard; sourceTree = "<group>"; };
		89152A9D28D840670071225D /* LoginViewController.swift */ = {isa = PBXFileReference; lastKnownFileType = sourcecode.swift; path = LoginViewController.swift; sourceTree = "<group>"; };
		8965255128DCCAD5004A7D1F /* SearchChildViewController.swift */ = {isa = PBXFileReference; lastKnownFileType = sourcecode.swift; path = SearchChildViewController.swift; sourceTree = "<group>"; };
		8965255328DCCCD4004A7D1F /* SearchRecentCollectionViewCell.swift */ = {isa = PBXFileReference; lastKnownFileType = sourcecode.swift; path = SearchRecentCollectionViewCell.swift; sourceTree = "<group>"; };
		8965255528DD1EB5004A7D1F /* SearchPopularCollectionViewCell.swift */ = {isa = PBXFileReference; lastKnownFileType = sourcecode.swift; path = SearchPopularCollectionViewCell.swift; sourceTree = "<group>"; };
		8965255728DD2637004A7D1F /* SearchCategoryCollectionViewCell.swift */ = {isa = PBXFileReference; lastKnownFileType = sourcecode.swift; path = SearchCategoryCollectionViewCell.swift; sourceTree = "<group>"; };
		8987BA9028E0DFC900A9C871 /* AddressCollectionViewCell.swift */ = {isa = PBXFileReference; lastKnownFileType = sourcecode.swift; path = AddressCollectionViewCell.swift; sourceTree = "<group>"; };
		8987BA9128E0DFC900A9C871 /* AddressCollectionViewCell.xib */ = {isa = PBXFileReference; lastKnownFileType = file.xib; path = AddressCollectionViewCell.xib; sourceTree = "<group>"; };
		8987BA9428E0E3CA00A9C871 /* OrderViewController.swift */ = {isa = PBXFileReference; lastKnownFileType = sourcecode.swift; path = OrderViewController.swift; sourceTree = "<group>"; };
		8987BA9628E0E47800A9C871 /* OrderTitleCollectionViewCell.swift */ = {isa = PBXFileReference; lastKnownFileType = sourcecode.swift; path = OrderTitleCollectionViewCell.swift; sourceTree = "<group>"; };
		8991A4DE28DEF68A00D5AC2B /* UINavigationBar.swift */ = {isa = PBXFileReference; lastKnownFileType = sourcecode.swift; path = UINavigationBar.swift; sourceTree = "<group>"; };
		8991A4E328DEFEDB00D5AC2B /* TabManViewController.swift */ = {isa = PBXFileReference; lastKnownFileType = sourcecode.swift; path = TabManViewController.swift; sourceTree = "<group>"; };
		8991A4E528DF009800D5AC2B /* RecommendViewController.swift */ = {isa = PBXFileReference; lastKnownFileType = sourcecode.swift; path = RecommendViewController.swift; sourceTree = "<group>"; };
		8991A4E728DF00A200D5AC2B /* BrandViewController.swift */ = {isa = PBXFileReference; lastKnownFileType = sourcecode.swift; path = BrandViewController.swift; sourceTree = "<group>"; };
		8991A4E928DF15F800D5AC2B /* RecommendCollectionViewCell.swift */ = {isa = PBXFileReference; lastKnownFileType = sourcecode.swift; path = RecommendCollectionViewCell.swift; sourceTree = "<group>"; };
		8991A4EB28DF57B900D5AC2B /* String.swift */ = {isa = PBXFileReference; lastKnownFileType = sourcecode.swift; path = String.swift; sourceTree = "<group>"; };
		8991A4EE28DF718600D5AC2B /* DetailViewController.swift */ = {isa = PBXFileReference; lastKnownFileType = sourcecode.swift; path = DetailViewController.swift; sourceTree = "<group>"; };
		8991A4F128E0541600D5AC2B /* ImageCollectionViewCell.swift */ = {isa = PBXFileReference; lastKnownFileType = sourcecode.swift; path = ImageCollectionViewCell.swift; sourceTree = "<group>"; };
		8991A4F328E06F6100D5AC2B /* PaddingLabel.swift */ = {isa = PBXFileReference; lastKnownFileType = sourcecode.swift; path = PaddingLabel.swift; sourceTree = "<group>"; };
		8991A4F628E0945C00D5AC2B /* GoodsResponse.swift */ = {isa = PBXFileReference; lastKnownFileType = sourcecode.swift; path = GoodsResponse.swift; sourceTree = "<group>"; };
		8991A4F828E094F500D5AC2B /* GoodsDataManager.swift */ = {isa = PBXFileReference; lastKnownFileType = sourcecode.swift; path = GoodsDataManager.swift; sourceTree = "<group>"; };
		8991A4FA28E0B1C400D5AC2B /* UserGoodsCollectionReusableView.swift */ = {isa = PBXFileReference; lastKnownFileType = sourcecode.swift; path = UserGoodsCollectionReusableView.swift; sourceTree = "<group>"; };
		8991A4FB28E0B1C400D5AC2B /* UserGoodsCollectionReusableView.xib */ = {isa = PBXFileReference; lastKnownFileType = file.xib; path = UserGoodsCollectionReusableView.xib; sourceTree = "<group>"; };
		8991A4FE28E0CA9300D5AC2B /* UserGoodsCollectionViewCell.swift */ = {isa = PBXFileReference; lastKnownFileType = sourcecode.swift; path = UserGoodsCollectionViewCell.swift; sourceTree = "<group>"; };
		8991A50028E0CE7100D5AC2B /* UserGoodsFooterCollectionReusableView.swift */ = {isa = PBXFileReference; lastKnownFileType = sourcecode.swift; path = UserGoodsFooterCollectionReusableView.swift; sourceTree = "<group>"; };
		8991A50428E0D11000D5AC2B /* ReviewHeaderCollectionReusableView.swift */ = {isa = PBXFileReference; lastKnownFileType = sourcecode.swift; path = ReviewHeaderCollectionReusableView.swift; sourceTree = "<group>"; };
		8991A50628E0D12400D5AC2B /* ReviewFooterCollectionReusableView.swift */ = {isa = PBXFileReference; lastKnownFileType = sourcecode.swift; path = ReviewFooterCollectionReusableView.swift; sourceTree = "<group>"; };
		8991A50828E0D15F00D5AC2B /* ReviewCollectionViewCell.swift */ = {isa = PBXFileReference; lastKnownFileType = sourcecode.swift; path = ReviewCollectionViewCell.swift; sourceTree = "<group>"; };
		89939DB528DDD07E002004C2 /* Constant.swift */ = {isa = PBXFileReference; lastKnownFileType = sourcecode.swift; path = Constant.swift; sourceTree = "<group>"; };
		89939DB728DDD0E3002004C2 /* LoginDataManager.swift */ = {isa = PBXFileReference; lastKnownFileType = sourcecode.swift; path = LoginDataManager.swift; sourceTree = "<group>"; };
		89939DBA28DDD29D002004C2 /* LoginResponse.swift */ = {isa = PBXFileReference; lastKnownFileType = sourcecode.swift; path = LoginResponse.swift; sourceTree = "<group>"; };
		89939DBC28DE0F68002004C2 /* UIViewController.swift */ = {isa = PBXFileReference; lastKnownFileType = sourcecode.swift; path = UIViewController.swift; sourceTree = "<group>"; };
		89939DC028DE1622002004C2 /* BannerCollectionViewCell.swift */ = {isa = PBXFileReference; lastKnownFileType = sourcecode.swift; path = BannerCollectionViewCell.swift; sourceTree = "<group>"; };
		89939DC328DE1D28002004C2 /* HomeResponse.swift */ = {isa = PBXFileReference; lastKnownFileType = sourcecode.swift; path = HomeResponse.swift; sourceTree = "<group>"; };
		89939DC528DE1E07002004C2 /* HomeDataManager.swift */ = {isa = PBXFileReference; lastKnownFileType = sourcecode.swift; path = HomeDataManager.swift; sourceTree = "<group>"; };
		89939DC728DE25D9002004C2 /* UIImageView.swift */ = {isa = PBXFileReference; lastKnownFileType = sourcecode.swift; path = UIImageView.swift; sourceTree = "<group>"; };
		89939DC928DE2E08002004C2 /* HomeCategoryCollectionViewCell.swift */ = {isa = PBXFileReference; lastKnownFileType = sourcecode.swift; path = HomeCategoryCollectionViewCell.swift; sourceTree = "<group>"; };
		8994934B28D9911A00333811 /* WriteViewController.swift */ = {isa = PBXFileReference; lastKnownFileType = sourcecode.swift; path = WriteViewController.swift; sourceTree = "<group>"; };
		8994934D28D9918600333811 /* MainTabBarController.swift */ = {isa = PBXFileReference; lastKnownFileType = sourcecode.swift; path = MainTabBarController.swift; sourceTree = "<group>"; };
		8994934F28D99C4000333811 /* SearchViewController.swift */ = {isa = PBXFileReference; lastKnownFileType = sourcecode.swift; path = SearchViewController.swift; sourceTree = "<group>"; };
		8994935728D9B98E00333811 /* WriteUploadCollectionViewCell.swift */ = {isa = PBXFileReference; lastKnownFileType = sourcecode.swift; path = WriteUploadCollectionViewCell.swift; sourceTree = "<group>"; };
		8994935828D9B98E00333811 /* WriteUploadCollectionViewCell.xib */ = {isa = PBXFileReference; lastKnownFileType = file.xib; path = WriteUploadCollectionViewCell.xib; sourceTree = "<group>"; };
		89C0EB5728E171E800243D00 /* AddressesResponse.swift */ = {isa = PBXFileReference; lastKnownFileType = sourcecode.swift; path = AddressesResponse.swift; sourceTree = "<group>"; };
		89C0EB5928E1740300243D00 /* AddressesDataManager.swift */ = {isa = PBXFileReference; lastKnownFileType = sourcecode.swift; path = AddressesDataManager.swift; sourceTree = "<group>"; };
		89C0EB5B28E177C900243D00 /* SelectAddressViewController.swift */ = {isa = PBXFileReference; lastKnownFileType = sourcecode.swift; path = SelectAddressViewController.swift; sourceTree = "<group>"; };
		89C0EB5D28E1799100243D00 /* AddressSelectTableViewCell.swift */ = {isa = PBXFileReference; lastKnownFileType = sourcecode.swift; path = AddressSelectTableViewCell.swift; sourceTree = "<group>"; };
		89C3D58F28E4AEE4002A9507 /* AgreementPayCollectionViewCell.swift */ = {isa = PBXFileReference; lastKnownFileType = sourcecode.swift; path = AgreementPayCollectionViewCell.swift; sourceTree = "<group>"; };
		89C3D59028E4AEE4002A9507 /* AgreementPayCollectionViewCell.xib */ = {isa = PBXFileReference; lastKnownFileType = file.xib; path = AgreementPayCollectionViewCell.xib; sourceTree = "<group>"; };
		89C3D59328E4B4A6002A9507 /* AgreementPopupViewController.swift */ = {isa = PBXFileReference; lastKnownFileType = sourcecode.swift; path = AgreementPopupViewController.swift; sourceTree = "<group>"; };
		89C3D59628E4B68C002A9507 /* OrderRequest.swift */ = {isa = PBXFileReference; lastKnownFileType = sourcecode.swift; path = OrderRequest.swift; sourceTree = "<group>"; };
		89C3D59828E4BA06002A9507 /* OrderResponse.swift */ = {isa = PBXFileReference; lastKnownFileType = sourcecode.swift; path = OrderResponse.swift; sourceTree = "<group>"; };
		89C3D59C28E4BF71002A9507 /* OrderCompleteViewController.swift */ = {isa = PBXFileReference; lastKnownFileType = sourcecode.swift; path = OrderCompleteViewController.swift; sourceTree = "<group>"; };
		89C3D59F28E529BA002A9507 /* OrderDetailHeaderView.swift */ = {isa = PBXFileReference; lastKnownFileType = sourcecode.swift; path = OrderDetailHeaderView.swift; sourceTree = "<group>"; };
		89C3D5A128E52A8F002A9507 /* OrderDetailViewController.swift */ = {isa = PBXFileReference; lastKnownFileType = sourcecode.swift; path = OrderDetailViewController.swift; sourceTree = "<group>"; };
		89C3D5A328E52B74002A9507 /* OrderDetailHeaderView.xib */ = {isa = PBXFileReference; lastKnownFileType = file.xib; path = OrderDetailHeaderView.xib; sourceTree = "<group>"; };
		89C3D5A528E53572002A9507 /* OrderDetailSectionHeaderView.xib */ = {isa = PBXFileReference; lastKnownFileType = file.xib; path = OrderDetailSectionHeaderView.xib; sourceTree = "<group>"; };
		89C3D5A728E53711002A9507 /* OrderDetailSectionHeaderView.swift */ = {isa = PBXFileReference; lastKnownFileType = sourcecode.swift; path = OrderDetailSectionHeaderView.swift; sourceTree = "<group>"; };
		89C3D5A928E53A93002A9507 /* OrderDetailTableViewCell.swift */ = {isa = PBXFileReference; lastKnownFileType = sourcecode.swift; path = OrderDetailTableViewCell.swift; sourceTree = "<group>"; };
		89C3D5AB28E53D84002A9507 /* OrderDataManager.swift */ = {isa = PBXFileReference; lastKnownFileType = sourcecode.swift; path = OrderDataManager.swift; sourceTree = "<group>"; };
		89C3D5AE28E53EEC002A9507 /* OrderDetailResponse.swift */ = {isa = PBXFileReference; lastKnownFileType = sourcecode.swift; path = OrderDetailResponse.swift; sourceTree = "<group>"; };
		89D2FCF628E5CAFB000C118C /* CategoryTableViewCell.swift */ = {isa = PBXFileReference; lastKnownFileType = sourcecode.swift; path = CategoryTableViewCell.swift; sourceTree = "<group>"; };
		89D2FCF828E5CDEA000C118C /* WriteDataManager.swift */ = {isa = PBXFileReference; lastKnownFileType = sourcecode.swift; path = WriteDataManager.swift; sourceTree = "<group>"; };
		89D2FCFB28E5CE9C000C118C /* CategoryResponse.swift */ = {isa = PBXFileReference; lastKnownFileType = sourcecode.swift; path = CategoryResponse.swift; sourceTree = "<group>"; };
		89D2FCFD28E5D0E5000C118C /* CategoryOptionTableViewCell.swift */ = {isa = PBXFileReference; lastKnownFileType = sourcecode.swift; path = CategoryOptionTableViewCell.swift; sourceTree = "<group>"; };
		89D2FCFF28E5D0FA000C118C /* CategoryOptionHeaderView.swift */ = {isa = PBXFileReference; lastKnownFileType = sourcecode.swift; path = CategoryOptionHeaderView.swift; sourceTree = "<group>"; };
		89D2FD0128E5D10F000C118C /* CategoryOptionViewController.swift */ = {isa = PBXFileReference; lastKnownFileType = sourcecode.swift; path = CategoryOptionViewController.swift; sourceTree = "<group>"; };
		89D2FD0328E5EF61000C118C /* OptionViewController.swift */ = {isa = PBXFileReference; lastKnownFileType = sourcecode.swift; path = OptionViewController.swift; sourceTree = "<group>"; };
		89D2FD0528E5F97A000C118C /* WriteRequest.swift */ = {isa = PBXFileReference; lastKnownFileType = sourcecode.swift; path = WriteRequest.swift; sourceTree = "<group>"; };
		89D2FD0728E6107F000C118C /* WriteResponse.swift */ = {isa = PBXFileReference; lastKnownFileType = sourcecode.swift; path = WriteResponse.swift; sourceTree = "<group>"; };
		89D2FD0B28E6544F000C118C /* PostLikeResponse.swift */ = {isa = PBXFileReference; lastKnownFileType = sourcecode.swift; path = PostLikeResponse.swift; sourceTree = "<group>"; };
		89D2FD0D28E65519000C118C /* LikeListResponse.swift */ = {isa = PBXFileReference; lastKnownFileType = sourcecode.swift; path = LikeListResponse.swift; sourceTree = "<group>"; };
		89D2FD0F28E6560E000C118C /* PatchLikeResponse.swift */ = {isa = PBXFileReference; lastKnownFileType = sourcecode.swift; path = PatchLikeResponse.swift; sourceTree = "<group>"; };
		89D2FD1128E65678000C118C /* LikeDataManager.swift */ = {isa = PBXFileReference; lastKnownFileType = sourcecode.swift; path = LikeDataManager.swift; sourceTree = "<group>"; };
		89D87C7D28E4385D005D5756 /* AddressRemoveViewController.swift */ = {isa = PBXFileReference; lastKnownFileType = sourcecode.swift; path = AddressRemoveViewController.swift; sourceTree = "<group>"; };
		89D87C7F28E447C8005D5756 /* PointCollectionViewCell.swift */ = {isa = PBXFileReference; lastKnownFileType = sourcecode.swift; path = PointCollectionViewCell.swift; sourceTree = "<group>"; };
		89D87C8028E447C8005D5756 /* PointCollectionViewCell.xib */ = {isa = PBXFileReference; lastKnownFileType = file.xib; path = PointCollectionViewCell.xib; sourceTree = "<group>"; };
		89D87C8328E44D57005D5756 /* PriceCollectionViewCell.swift */ = {isa = PBXFileReference; lastKnownFileType = sourcecode.swift; path = PriceCollectionViewCell.swift; sourceTree = "<group>"; };
		89D87C8428E44D57005D5756 /* PriceCollectionViewCell.xib */ = {isa = PBXFileReference; lastKnownFileType = file.xib; path = PriceCollectionViewCell.xib; sourceTree = "<group>"; };
		89D87C8728E4753B005D5756 /* PaymentCollectionViewCell.swift */ = {isa = PBXFileReference; lastKnownFileType = sourcecode.swift; path = PaymentCollectionViewCell.swift; sourceTree = "<group>"; };
		89D87C8828E4753B005D5756 /* PaymentCollectionViewCell.xib */ = {isa = PBXFileReference; lastKnownFileType = file.xib; path = PaymentCollectionViewCell.xib; sourceTree = "<group>"; };
		89D87C8B28E4A3F3005D5756 /* PaymentViewController.swift */ = {isa = PBXFileReference; lastKnownFileType = sourcecode.swift; path = PaymentViewController.swift; sourceTree = "<group>"; };
		89E4797228D7681900C3E1E0 /* RisingTest.app */ = {isa = PBXFileReference; explicitFileType = wrapper.application; includeInIndex = 0; path = RisingTest.app; sourceTree = BUILT_PRODUCTS_DIR; };
		89E4797528D7681900C3E1E0 /* AppDelegate.swift */ = {isa = PBXFileReference; lastKnownFileType = sourcecode.swift; path = AppDelegate.swift; sourceTree = "<group>"; };
		89E4797728D7681900C3E1E0 /* SceneDelegate.swift */ = {isa = PBXFileReference; lastKnownFileType = sourcecode.swift; path = SceneDelegate.swift; sourceTree = "<group>"; };
		89E4797928D7681900C3E1E0 /* HomeViewController.swift */ = {isa = PBXFileReference; lastKnownFileType = sourcecode.swift; path = HomeViewController.swift; sourceTree = "<group>"; };
		89E4797C28D7681900C3E1E0 /* Base */ = {isa = PBXFileReference; lastKnownFileType = file.storyboard; name = Base; path = Base.lproj/MainStoryboard.storyboard; sourceTree = "<group>"; };
		89E4797E28D7681900C3E1E0 /* Assets.xcassets */ = {isa = PBXFileReference; lastKnownFileType = folder.assetcatalog; path = Assets.xcassets; sourceTree = "<group>"; };
		89E4798128D7681900C3E1E0 /* Base */ = {isa = PBXFileReference; lastKnownFileType = file.storyboard; name = Base; path = Base.lproj/LaunchScreen.storyboard; sourceTree = "<group>"; };
		89E4798328D7681900C3E1E0 /* Info.plist */ = {isa = PBXFileReference; lastKnownFileType = text.plist.xml; path = Info.plist; sourceTree = "<group>"; };
		89E6C35928DAF5A100A48052 /* WritePhotoCollectionViewCell.swift */ = {isa = PBXFileReference; lastKnownFileType = sourcecode.swift; path = WritePhotoCollectionViewCell.swift; sourceTree = "<group>"; };
		89E6C35A28DAF5A100A48052 /* WritePhotoCollectionViewCell.xib */ = {isa = PBXFileReference; lastKnownFileType = file.xib; path = WritePhotoCollectionViewCell.xib; sourceTree = "<group>"; };
		89E6C36028DB071A00A48052 /* UIView.swift */ = {isa = PBXFileReference; lastKnownFileType = sourcecode.swift; path = UIView.swift; sourceTree = "<group>"; };
		89E89A5B28E1B5FF0029D0BA /* AddressManagementTableViewCell.swift */ = {isa = PBXFileReference; lastKnownFileType = sourcecode.swift; path = AddressManagementTableViewCell.swift; sourceTree = "<group>"; };
		89E89A5D28E1C3C20029D0BA /* SelectReceiptViewController.swift */ = {isa = PBXFileReference; lastKnownFileType = sourcecode.swift; path = SelectReceiptViewController.swift; sourceTree = "<group>"; };
		89E89A5F28E1F0BD0029D0BA /* AddressManagementViewController.swift */ = {isa = PBXFileReference; lastKnownFileType = sourcecode.swift; path = AddressManagementViewController.swift; sourceTree = "<group>"; };
		89E89A6128E1F9E50029D0BA /* AddressManagementHeaderView.swift */ = {isa = PBXFileReference; lastKnownFileType = sourcecode.swift; path = AddressManagementHeaderView.swift; sourceTree = "<group>"; };
		89F452D828E5949500E86E03 /* TagViewController.swift */ = {isa = PBXFileReference; lastKnownFileType = sourcecode.swift; path = TagViewController.swift; sourceTree = "<group>"; };
		89F452DB28E5970300E86E03 /* TagCollectionViewCell.swift */ = {isa = PBXFileReference; lastKnownFileType = sourcecode.swift; path = TagCollectionViewCell.swift; sourceTree = "<group>"; };
		89F452DD28E5B04500E86E03 /* CategoryViewController.swift */ = {isa = PBXFileReference; lastKnownFileType = sourcecode.swift; path = CategoryViewController.swift; sourceTree = "<group>"; };
		A2A41C2F0276971A1D96260B /* Pods-RisingTest.debug.xcconfig */ = {isa = PBXFileReference; includeInIndex = 1; lastKnownFileType = text.xcconfig; name = "Pods-RisingTest.debug.xcconfig"; path = "Target Support Files/Pods-RisingTest/Pods-RisingTest.debug.xcconfig"; sourceTree = "<group>"; };
		C1C2728AA16F1022018E204F /* Pods_RisingTest.framework */ = {isa = PBXFileReference; explicitFileType = wrapper.framework; includeInIndex = 0; path = Pods_RisingTest.framework; sourceTree = BUILT_PRODUCTS_DIR; };
/* End PBXFileReference section */

/* Begin PBXFrameworksBuildPhase section */
		89E4796F28D7681900C3E1E0 /* Frameworks */ = {
			isa = PBXFrameworksBuildPhase;
			buildActionMask = 2147483647;
			files = (
				8965255D28DD2B3A004A7D1F /* KakaoSDKCommon in Frameworks */,
				8991A4E228DEFACF00D5AC2B /* Tabman in Frameworks */,
				8965255B28DD2B3A004A7D1F /* KakaoSDKAuth in Frameworks */,
				8965255F28DD2B3A004A7D1F /* KakaoSDKUser in Frameworks */,
				28180A8DE51D32C3F7854CDF /* Pods_RisingTest.framework in Frameworks */,
			);
			runOnlyForDeploymentPostprocessing = 0;
		};
/* End PBXFrameworksBuildPhase section */

/* Begin PBXGroup section */
		28A81DA5F340A98015686745 /* Pods */ = {
			isa = PBXGroup;
			children = (
				A2A41C2F0276971A1D96260B /* Pods-RisingTest.debug.xcconfig */,
				7EF7B189EF1D211D9607F2D7 /* Pods-RisingTest.release.xcconfig */,
			);
			path = Pods;
			sourceTree = "<group>";
		};
		890F195C28D8DA8900927292 /* View */ = {
			isa = PBXGroup;
			children = (
				890F195D28D8DA9C00927292 /* LoginCollectionViewCell.swift */,
			);
			path = View;
			sourceTree = "<group>";
		};
		890F195F28D8EBBC00927292 /* Extension */ = {
			isa = PBXGroup;
			children = (
				890F196028D8EBCD00927292 /* UIButton.swift */,
				89E6C36028DB071A00A48052 /* UIView.swift */,
				89939DBC28DE0F68002004C2 /* UIViewController.swift */,
				89939DC728DE25D9002004C2 /* UIImageView.swift */,
				8991A4DE28DEF68A00D5AC2B /* UINavigationBar.swift */,
				8991A4EB28DF57B900D5AC2B /* String.swift */,
				8902131228E2D7E5001D71E9 /* Notification.swift */,
			);
			path = Extension;
			sourceTree = "<group>";
		};
		89152A9628D83BC20071225D /* Source */ = {
			isa = PBXGroup;
			children = (
				89152A9A28D83D820071225D /* Login */,
				89152A9928D83C7E0071225D /* Main */,
				89E4797B28D7681900C3E1E0 /* MainStoryboard.storyboard */,
				8994934D28D9918600333811 /* MainTabBarController.swift */,
			);
			path = Source;
			sourceTree = "<group>";
		};
		89152A9728D83BCE0071225D /* Util */ = {
			isa = PBXGroup;
			children = (
				8991A4F328E06F6100D5AC2B /* PaddingLabel.swift */,
				890F195F28D8EBBC00927292 /* Extension */,
			);
			path = Util;
			sourceTree = "<group>";
		};
		89152A9828D83BD20071225D /* Configuration */ = {
			isa = PBXGroup;
			children = (
				89939DB528DDD07E002004C2 /* Constant.swift */,
			);
			path = Configuration;
			sourceTree = "<group>";
		};
		89152A9928D83C7E0071225D /* Main */ = {
			isa = PBXGroup;
			children = (
				89D2FD0928E6542E000C118C /* Like */,
				89939DBE28DE160D002004C2 /* Home */,
				8965254B28DCAE77004A7D1F /* Search */,
				8991A4ED28DF717800D5AC2B /* Detail */,
				8987BA8E28E0DF5D00A9C871 /* Order */,
				8994935128D99E5600333811 /* Write */,
			);
			path = Main;
			sourceTree = "<group>";
		};
		89152A9A28D83D820071225D /* Login */ = {
			isa = PBXGroup;
			children = (
				89939DB928DDD290002004C2 /* Entity */,
				890F195C28D8DA8900927292 /* View */,
				89152A9B28D83F490071225D /* LoginStoryboard.storyboard */,
				89152A9D28D840670071225D /* LoginViewController.swift */,
				89939DB728DDD0E3002004C2 /* LoginDataManager.swift */,
			);
			path = Login;
			sourceTree = "<group>";
		};
		8961508928E33A9D0097BE29 /* Address */ = {
			isa = PBXGroup;
			children = (
				89C0EB5B28E177C900243D00 /* SelectAddressViewController.swift */,
				89E89A5D28E1C3C20029D0BA /* SelectReceiptViewController.swift */,
				89E89A5F28E1F0BD0029D0BA /* AddressManagementViewController.swift */,
				891179FE28E20D2900985C10 /* AddressEditViewController.swift */,
				8902131628E2EDED001D71E9 /* AddressAddViewController.swift */,
				89D87C7D28E4385D005D5756 /* AddressRemoveViewController.swift */,
			);
			path = Address;
			sourceTree = "<group>";
		};
		8961508A28E33AE70097BE29 /* Address */ = {
			isa = PBXGroup;
			children = (
				89C0EB5D28E1799100243D00 /* AddressSelectTableViewCell.swift */,
				89E89A5B28E1B5FF0029D0BA /* AddressManagementTableViewCell.swift */,
				89E89A6128E1F9E50029D0BA /* AddressManagementHeaderView.swift */,
			);
			path = Address;
			sourceTree = "<group>";
		};
		8965254B28DCAE77004A7D1F /* Search */ = {
			isa = PBXGroup;
			children = (
				8965254C28DCBC12004A7D1F /* View */,
				8994934F28D99C4000333811 /* SearchViewController.swift */,
				8965255128DCCAD5004A7D1F /* SearchChildViewController.swift */,
			);
			path = Search;
			sourceTree = "<group>";
		};
		8965254C28DCBC12004A7D1F /* View */ = {
			isa = PBXGroup;
			children = (
				8965255328DCCCD4004A7D1F /* SearchRecentCollectionViewCell.swift */,
				8965255528DD1EB5004A7D1F /* SearchPopularCollectionViewCell.swift */,
				8965255728DD2637004A7D1F /* SearchCategoryCollectionViewCell.swift */,
			);
			path = View;
			sourceTree = "<group>";
		};
		8987BA8E28E0DF5D00A9C871 /* Order */ = {
			isa = PBXGroup;
			children = (
				89C0EB5628E1716700243D00 /* Entity */,
				8987BA8F28E0DF9B00A9C871 /* View */,
				8961508928E33A9D0097BE29 /* Address */,
				8987BA9428E0E3CA00A9C871 /* OrderViewController.swift */,
				89D87C8B28E4A3F3005D5756 /* PaymentViewController.swift */,
				89C3D59328E4B4A6002A9507 /* AgreementPopupViewController.swift */,
				89C3D59C28E4BF71002A9507 /* OrderCompleteViewController.swift */,
				89C3D5A128E52A8F002A9507 /* OrderDetailViewController.swift */,
				89C0EB5928E1740300243D00 /* AddressesDataManager.swift */,
				89C3D5AB28E53D84002A9507 /* OrderDataManager.swift */,
			);
			path = Order;
			sourceTree = "<group>";
		};
		8987BA8F28E0DF9B00A9C871 /* View */ = {
			isa = PBXGroup;
			children = (
				8961508A28E33AE70097BE29 /* Address */,
				89C3D59E28E529A3002A9507 /* OrderDetail */,
				8987BA9628E0E47800A9C871 /* OrderTitleCollectionViewCell.swift */,
				8987BA9028E0DFC900A9C871 /* AddressCollectionViewCell.swift */,
				8987BA9128E0DFC900A9C871 /* AddressCollectionViewCell.xib */,
				89D87C7F28E447C8005D5756 /* PointCollectionViewCell.swift */,
				89D87C8028E447C8005D5756 /* PointCollectionViewCell.xib */,
				89D87C8328E44D57005D5756 /* PriceCollectionViewCell.swift */,
				89D87C8428E44D57005D5756 /* PriceCollectionViewCell.xib */,
				89D87C8728E4753B005D5756 /* PaymentCollectionViewCell.swift */,
				89D87C8828E4753B005D5756 /* PaymentCollectionViewCell.xib */,
				89C3D58F28E4AEE4002A9507 /* AgreementPayCollectionViewCell.swift */,
				89C3D59028E4AEE4002A9507 /* AgreementPayCollectionViewCell.xib */,
			);
			path = View;
			sourceTree = "<group>";
		};
		8991A4ED28DF717800D5AC2B /* Detail */ = {
			isa = PBXGroup;
			children = (
				8991A4F528E0943D00D5AC2B /* Entity */,
				8991A4F028E0540900D5AC2B /* View */,
				8991A4EE28DF718600D5AC2B /* DetailViewController.swift */,
				8991A4F828E094F500D5AC2B /* GoodsDataManager.swift */,
			);
			path = Detail;
			sourceTree = "<group>";
		};
		8991A4F028E0540900D5AC2B /* View */ = {
			isa = PBXGroup;
			children = (
				8991A4F128E0541600D5AC2B /* ImageCollectionViewCell.swift */,
				8991A4FA28E0B1C400D5AC2B /* UserGoodsCollectionReusableView.swift */,
				8991A4FB28E0B1C400D5AC2B /* UserGoodsCollectionReusableView.xib */,
				8991A4FE28E0CA9300D5AC2B /* UserGoodsCollectionViewCell.swift */,
				8991A50028E0CE7100D5AC2B /* UserGoodsFooterCollectionReusableView.swift */,
				8991A50428E0D11000D5AC2B /* ReviewHeaderCollectionReusableView.swift */,
				8991A50628E0D12400D5AC2B /* ReviewFooterCollectionReusableView.swift */,
				8991A50828E0D15F00D5AC2B /* ReviewCollectionViewCell.swift */,
			);
			path = View;
			sourceTree = "<group>";
		};
		8991A4F528E0943D00D5AC2B /* Entity */ = {
			isa = PBXGroup;
			children = (
				8991A4F628E0945C00D5AC2B /* GoodsResponse.swift */,
			);
			path = Entity;
			sourceTree = "<group>";
		};
		89939DB928DDD290002004C2 /* Entity */ = {
			isa = PBXGroup;
			children = (
				89939DBA28DDD29D002004C2 /* LoginResponse.swift */,
			);
			path = Entity;
			sourceTree = "<group>";
		};
		89939DBE28DE160D002004C2 /* Home */ = {
			isa = PBXGroup;
			children = (
				89939DC228DE1D22002004C2 /* Entity */,
				89939DBF28DE1618002004C2 /* View */,
				89E4797928D7681900C3E1E0 /* HomeViewController.swift */,
				8991A4E328DEFEDB00D5AC2B /* TabManViewController.swift */,
				8991A4E528DF009800D5AC2B /* RecommendViewController.swift */,
				8991A4E728DF00A200D5AC2B /* BrandViewController.swift */,
				89939DC528DE1E07002004C2 /* HomeDataManager.swift */,
			);
			path = Home;
			sourceTree = "<group>";
		};
		89939DBF28DE1618002004C2 /* View */ = {
			isa = PBXGroup;
			children = (
				89939DC028DE1622002004C2 /* BannerCollectionViewCell.swift */,
				89939DC928DE2E08002004C2 /* HomeCategoryCollectionViewCell.swift */,
				8991A4E928DF15F800D5AC2B /* RecommendCollectionViewCell.swift */,
			);
			path = View;
			sourceTree = "<group>";
		};
		89939DC228DE1D22002004C2 /* Entity */ = {
			isa = PBXGroup;
			children = (
				89939DC328DE1D28002004C2 /* HomeResponse.swift */,
			);
			path = Entity;
			sourceTree = "<group>";
		};
		8994935128D99E5600333811 /* Write */ = {
			isa = PBXGroup;
			children = (
				89D2FCFA28E5CE96000C118C /* Entity */,
				8994935228D9B73E00333811 /* View */,
				8994934B28D9911A00333811 /* WriteViewController.swift */,
				89F452D828E5949500E86E03 /* TagViewController.swift */,
				89F452DD28E5B04500E86E03 /* CategoryViewController.swift */,
				89D2FD0128E5D10F000C118C /* CategoryOptionViewController.swift */,
				89D2FD0328E5EF61000C118C /* OptionViewController.swift */,
				89D2FCF828E5CDEA000C118C /* WriteDataManager.swift */,
			);
			path = Write;
			sourceTree = "<group>";
		};
		8994935228D9B73E00333811 /* View */ = {
			isa = PBXGroup;
			children = (
				89D2FCF328E5CADC000C118C /* Category */,
				89F452DA28E596F400E86E03 /* Tag */,
				89E6C35D28DAFA4100A48052 /* Photo */,
			);
			path = View;
			sourceTree = "<group>";
		};
		89C0EB5628E1716700243D00 /* Entity */ = {
			isa = PBXGroup;
			children = (
				89C3D5AD28E53EE5002A9507 /* OrderDetail */,
				89C3D59528E4B67F002A9507 /* Address */,
				89C3D59628E4B68C002A9507 /* OrderRequest.swift */,
				89C3D59828E4BA06002A9507 /* OrderResponse.swift */,
			);
			path = Entity;
			sourceTree = "<group>";
		};
		89C3D59528E4B67F002A9507 /* Address */ = {
			isa = PBXGroup;
			children = (
				89C0EB5728E171E800243D00 /* AddressesResponse.swift */,
				8902130E28E2C6A9001D71E9 /* AddressEditResponse.swift */,
				8902131028E2D076001D71E9 /* NewAddressRequest.swift */,
				8902131828E2F422001D71E9 /* AddressAddResponse.swift */,
			);
			path = Address;
			sourceTree = "<group>";
		};
		89C3D59E28E529A3002A9507 /* OrderDetail */ = {
			isa = PBXGroup;
			children = (
				89C3D59F28E529BA002A9507 /* OrderDetailHeaderView.swift */,
				89C3D5A328E52B74002A9507 /* OrderDetailHeaderView.xib */,
				89C3D5A728E53711002A9507 /* OrderDetailSectionHeaderView.swift */,
				89C3D5A528E53572002A9507 /* OrderDetailSectionHeaderView.xib */,
				89C3D5A928E53A93002A9507 /* OrderDetailTableViewCell.swift */,
			);
			path = OrderDetail;
			sourceTree = "<group>";
		};
		89C3D5AD28E53EE5002A9507 /* OrderDetail */ = {
			isa = PBXGroup;
			children = (
				89C3D5AE28E53EEC002A9507 /* OrderDetailResponse.swift */,
			);
			path = OrderDetail;
			sourceTree = "<group>";
		};
		89D2FCF328E5CADC000C118C /* Category */ = {
			isa = PBXGroup;
			children = (
				89D2FCF628E5CAFB000C118C /* CategoryTableViewCell.swift */,
				89D2FCFF28E5D0FA000C118C /* CategoryOptionHeaderView.swift */,
				89D2FCFD28E5D0E5000C118C /* CategoryOptionTableViewCell.swift */,
			);
			path = Category;
			sourceTree = "<group>";
		};
		89D2FCFA28E5CE96000C118C /* Entity */ = {
			isa = PBXGroup;
			children = (
				89D2FCFB28E5CE9C000C118C /* CategoryResponse.swift */,
				89D2FD0528E5F97A000C118C /* WriteRequest.swift */,
				89D2FD0728E6107F000C118C /* WriteResponse.swift */,
			);
			path = Entity;
			sourceTree = "<group>";
		};
		89D2FD0928E6542E000C118C /* Like */ = {
			isa = PBXGroup;
			children = (
				89D2FD0A28E6543D000C118C /* Entity */,
				89D2FD1128E65678000C118C /* LikeDataManager.swift */,
			);
			path = Like;
			sourceTree = "<group>";
		};
		89D2FD0A28E6543D000C118C /* Entity */ = {
			isa = PBXGroup;
			children = (
				89D2FD0B28E6544F000C118C /* PostLikeResponse.swift */,
				89D2FD0D28E65519000C118C /* LikeListResponse.swift */,
				89D2FD0F28E6560E000C118C /* PatchLikeResponse.swift */,
			);
			path = Entity;
			sourceTree = "<group>";
		};
		89E4796928D7681900C3E1E0 = {
			isa = PBXGroup;
			children = (
				89E4797428D7681900C3E1E0 /* RisingTest */,
				89E4797328D7681900C3E1E0 /* Products */,
				28A81DA5F340A98015686745 /* Pods */,
				EEBEDD47A844A99D8AFFEC0B /* Frameworks */,
			);
			sourceTree = "<group>";
		};
		89E4797328D7681900C3E1E0 /* Products */ = {
			isa = PBXGroup;
			children = (
				89E4797228D7681900C3E1E0 /* RisingTest.app */,
			);
			name = Products;
			sourceTree = "<group>";
		};
		89E4797428D7681900C3E1E0 /* RisingTest */ = {
			isa = PBXGroup;
			children = (
				89152A9828D83BD20071225D /* Configuration */,
				89152A9728D83BCE0071225D /* Util */,
				89152A9628D83BC20071225D /* Source */,
				89E4797528D7681900C3E1E0 /* AppDelegate.swift */,
				89E4797728D7681900C3E1E0 /* SceneDelegate.swift */,
				89E4797E28D7681900C3E1E0 /* Assets.xcassets */,
				89E4798028D7681900C3E1E0 /* LaunchScreen.storyboard */,
				89E4798328D7681900C3E1E0 /* Info.plist */,
			);
			path = RisingTest;
			sourceTree = "<group>";
		};
		89E6C35D28DAFA4100A48052 /* Photo */ = {
			isa = PBXGroup;
			children = (
				8994935728D9B98E00333811 /* WriteUploadCollectionViewCell.swift */,
				8994935828D9B98E00333811 /* WriteUploadCollectionViewCell.xib */,
				89E6C35928DAF5A100A48052 /* WritePhotoCollectionViewCell.swift */,
				89E6C35A28DAF5A100A48052 /* WritePhotoCollectionViewCell.xib */,
			);
			path = Photo;
			sourceTree = "<group>";
		};
		89F452DA28E596F400E86E03 /* Tag */ = {
			isa = PBXGroup;
			children = (
				89F452DB28E5970300E86E03 /* TagCollectionViewCell.swift */,
			);
			path = Tag;
			sourceTree = "<group>";
		};
		EEBEDD47A844A99D8AFFEC0B /* Frameworks */ = {
			isa = PBXGroup;
			children = (
				C1C2728AA16F1022018E204F /* Pods_RisingTest.framework */,
			);
			name = Frameworks;
			sourceTree = "<group>";
		};
/* End PBXGroup section */

/* Begin PBXNativeTarget section */
		89E4797128D7681900C3E1E0 /* RisingTest */ = {
			isa = PBXNativeTarget;
			buildConfigurationList = 89E4798628D7681900C3E1E0 /* Build configuration list for PBXNativeTarget "RisingTest" */;
			buildPhases = (
				3E00DF1045A3CEADA50DEAE4 /* [CP] Check Pods Manifest.lock */,
				89E4796E28D7681900C3E1E0 /* Sources */,
				89E4796F28D7681900C3E1E0 /* Frameworks */,
				89E4797028D7681900C3E1E0 /* Resources */,
				8141C8FCD788BFBF23F7EDDC /* [CP] Embed Pods Frameworks */,
			);
			buildRules = (
			);
			dependencies = (
			);
			name = RisingTest;
			packageProductDependencies = (
				8965255A28DD2B3A004A7D1F /* KakaoSDKAuth */,
				8965255C28DD2B3A004A7D1F /* KakaoSDKCommon */,
				8965255E28DD2B3A004A7D1F /* KakaoSDKUser */,
				8991A4E128DEFACF00D5AC2B /* Tabman */,
			);
			productName = RisingTest;
			productReference = 89E4797228D7681900C3E1E0 /* RisingTest.app */;
			productType = "com.apple.product-type.application";
		};
/* End PBXNativeTarget section */

/* Begin PBXProject section */
		89E4796A28D7681900C3E1E0 /* Project object */ = {
			isa = PBXProject;
			attributes = {
				BuildIndependentTargetsInParallel = 1;
				LastSwiftUpdateCheck = 1330;
				LastUpgradeCheck = 1330;
				TargetAttributes = {
					89E4797128D7681900C3E1E0 = {
						CreatedOnToolsVersion = 13.3.1;
					};
				};
			};
			buildConfigurationList = 89E4796D28D7681900C3E1E0 /* Build configuration list for PBXProject "RisingTest" */;
			compatibilityVersion = "Xcode 13.0";
			developmentRegion = en;
			hasScannedForEncodings = 0;
			knownRegions = (
				en,
				Base,
			);
			mainGroup = 89E4796928D7681900C3E1E0;
			packageReferences = (
				8965255928DD2B3A004A7D1F /* XCRemoteSwiftPackageReference "kakao-ios-sdk" */,
				8991A4E028DEFACF00D5AC2B /* XCRemoteSwiftPackageReference "Tabman" */,
			);
			productRefGroup = 89E4797328D7681900C3E1E0 /* Products */;
			projectDirPath = "";
			projectRoot = "";
			targets = (
				89E4797128D7681900C3E1E0 /* RisingTest */,
			);
		};
/* End PBXProject section */

/* Begin PBXResourcesBuildPhase section */
		89E4797028D7681900C3E1E0 /* Resources */ = {
			isa = PBXResourcesBuildPhase;
			buildActionMask = 2147483647;
			files = (
				89C3D5A628E53572002A9507 /* OrderDetailSectionHeaderView.xib in Resources */,
				89E4798228D7681900C3E1E0 /* LaunchScreen.storyboard in Resources */,
				89D87C8228E447C8005D5756 /* PointCollectionViewCell.xib in Resources */,
				8991A4FD28E0B1C400D5AC2B /* UserGoodsCollectionReusableView.xib in Resources */,
				89E6C35C28DAF5A100A48052 /* WritePhotoCollectionViewCell.xib in Resources */,
				89D87C8628E44D57005D5756 /* PriceCollectionViewCell.xib in Resources */,
				8987BA9328E0DFC900A9C871 /* AddressCollectionViewCell.xib in Resources */,
				89C3D59228E4AEE4002A9507 /* AgreementPayCollectionViewCell.xib in Resources */,
				89C3D5A428E52B74002A9507 /* OrderDetailHeaderView.xib in Resources */,
				89D87C8A28E4753B005D5756 /* PaymentCollectionViewCell.xib in Resources */,
				8994935A28D9B98E00333811 /* WriteUploadCollectionViewCell.xib in Resources */,
				89E4797F28D7681900C3E1E0 /* Assets.xcassets in Resources */,
				89E4797D28D7681900C3E1E0 /* MainStoryboard.storyboard in Resources */,
				89152A9C28D83F490071225D /* LoginStoryboard.storyboard in Resources */,
			);
			runOnlyForDeploymentPostprocessing = 0;
		};
/* End PBXResourcesBuildPhase section */

/* Begin PBXShellScriptBuildPhase section */
		3E00DF1045A3CEADA50DEAE4 /* [CP] Check Pods Manifest.lock */ = {
			isa = PBXShellScriptBuildPhase;
			buildActionMask = 2147483647;
			files = (
			);
			inputFileListPaths = (
			);
			inputPaths = (
				"${PODS_PODFILE_DIR_PATH}/Podfile.lock",
				"${PODS_ROOT}/Manifest.lock",
			);
			name = "[CP] Check Pods Manifest.lock";
			outputFileListPaths = (
			);
			outputPaths = (
				"$(DERIVED_FILE_DIR)/Pods-RisingTest-checkManifestLockResult.txt",
			);
			runOnlyForDeploymentPostprocessing = 0;
			shellPath = /bin/sh;
			shellScript = "diff \"${PODS_PODFILE_DIR_PATH}/Podfile.lock\" \"${PODS_ROOT}/Manifest.lock\" > /dev/null\nif [ $? != 0 ] ; then\n    # print error to STDERR\n    echo \"error: The sandbox is not in sync with the Podfile.lock. Run 'pod install' or update your CocoaPods installation.\" >&2\n    exit 1\nfi\n# This output is used by Xcode 'outputs' to avoid re-running this script phase.\necho \"SUCCESS\" > \"${SCRIPT_OUTPUT_FILE_0}\"\n";
			showEnvVarsInLog = 0;
		};
		8141C8FCD788BFBF23F7EDDC /* [CP] Embed Pods Frameworks */ = {
			isa = PBXShellScriptBuildPhase;
			buildActionMask = 2147483647;
			files = (
			);
			inputFileListPaths = (
				"${PODS_ROOT}/Target Support Files/Pods-RisingTest/Pods-RisingTest-frameworks-${CONFIGURATION}-input-files.xcfilelist",
			);
			name = "[CP] Embed Pods Frameworks";
			outputFileListPaths = (
				"${PODS_ROOT}/Target Support Files/Pods-RisingTest/Pods-RisingTest-frameworks-${CONFIGURATION}-output-files.xcfilelist",
			);
			runOnlyForDeploymentPostprocessing = 0;
			shellPath = /bin/sh;
			shellScript = "\"${PODS_ROOT}/Target Support Files/Pods-RisingTest/Pods-RisingTest-frameworks.sh\"\n";
			showEnvVarsInLog = 0;
		};
/* End PBXShellScriptBuildPhase section */

/* Begin PBXSourcesBuildPhase section */
		89E4796E28D7681900C3E1E0 /* Sources */ = {
			isa = PBXSourcesBuildPhase;
			buildActionMask = 2147483647;
			files = (
				8965255828DD2637004A7D1F /* SearchCategoryCollectionViewCell.swift in Sources */,
				8991A4FF28E0CA9300D5AC2B /* UserGoodsCollectionViewCell.swift in Sources */,
				89939DC828DE25D9002004C2 /* UIImageView.swift in Sources */,
				89E89A6028E1F0BD0029D0BA /* AddressManagementViewController.swift in Sources */,
				89152A9E28D840670071225D /* LoginViewController.swift in Sources */,
				890F195E28D8DA9C00927292 /* LoginCollectionViewCell.swift in Sources */,
				89D87C8C28E4A3F3005D5756 /* PaymentViewController.swift in Sources */,
				8991A4F428E06F6100D5AC2B /* PaddingLabel.swift in Sources */,
				8965255228DCCAD5004A7D1F /* SearchChildViewController.swift in Sources */,
				8991A4F228E0541600D5AC2B /* ImageCollectionViewCell.swift in Sources */,
				89F452DE28E5B04500E86E03 /* CategoryViewController.swift in Sources */,
				89F452DC28E5970300E86E03 /* TagCollectionViewCell.swift in Sources */,
				8965255628DD1EB5004A7D1F /* SearchPopularCollectionViewCell.swift in Sources */,
				89D87C7E28E4385D005D5756 /* AddressRemoveViewController.swift in Sources */,
				8991A4F928E094F500D5AC2B /* GoodsDataManager.swift in Sources */,
				89939DC128DE1622002004C2 /* BannerCollectionViewCell.swift in Sources */,
				8902130F28E2C6A9001D71E9 /* AddressEditResponse.swift in Sources */,
				89939DBD28DE0F68002004C2 /* UIViewController.swift in Sources */,
				89D2FCF928E5CDEA000C118C /* WriteDataManager.swift in Sources */,
				89939DCA28DE2E08002004C2 /* HomeCategoryCollectionViewCell.swift in Sources */,
				8991A4FC28E0B1C400D5AC2B /* UserGoodsCollectionReusableView.swift in Sources */,
				8987BA9528E0E3CA00A9C871 /* OrderViewController.swift in Sources */,
				8994934E28D9918600333811 /* MainTabBarController.swift in Sources */,
				89C3D59928E4BA06002A9507 /* OrderResponse.swift in Sources */,
				891179FF28E20D2900985C10 /* AddressEditViewController.swift in Sources */,
				8991A50228E0CE7100D5AC2B /* UserGoodsFooterCollectionReusableView.swift in Sources */,
				89939DB628DDD07E002004C2 /* Constant.swift in Sources */,
				8991A50728E0D12400D5AC2B /* ReviewFooterCollectionReusableView.swift in Sources */,
				89C0EB5E28E1799100243D00 /* AddressSelectTableViewCell.swift in Sources */,
				89939DC628DE1E07002004C2 /* HomeDataManager.swift in Sources */,
				8991A4E428DEFEDB00D5AC2B /* TabManViewController.swift in Sources */,
				8991A4EC28DF57B900D5AC2B /* String.swift in Sources */,
				89E89A5C28E1B5FF0029D0BA /* AddressManagementTableViewCell.swift in Sources */,
				8994935928D9B98E00333811 /* WriteUploadCollectionViewCell.swift in Sources */,
				89C3D59D28E4BF71002A9507 /* OrderCompleteViewController.swift in Sources */,
				89939DC428DE1D28002004C2 /* HomeResponse.swift in Sources */,
				89D2FD0E28E65519000C118C /* LikeListResponse.swift in Sources */,
				8991A4E628DF009800D5AC2B /* RecommendViewController.swift in Sources */,
				89C0EB5A28E1740300243D00 /* AddressesDataManager.swift in Sources */,
				8994935028D99C4000333811 /* SearchViewController.swift in Sources */,
				89C0EB5828E171E800243D00 /* AddressesResponse.swift in Sources */,
				8902131728E2EDED001D71E9 /* AddressAddViewController.swift in Sources */,
				89E4797A28D7681900C3E1E0 /* HomeViewController.swift in Sources */,
				8902131128E2D076001D71E9 /* NewAddressRequest.swift in Sources */,
				89C3D59128E4AEE4002A9507 /* AgreementPayCollectionViewCell.swift in Sources */,
				89D87C8928E4753B005D5756 /* PaymentCollectionViewCell.swift in Sources */,
				89C3D5AF28E53EEC002A9507 /* OrderDetailResponse.swift in Sources */,
				89C3D59728E4B68C002A9507 /* OrderRequest.swift in Sources */,
				89D2FD1028E6560E000C118C /* PatchLikeResponse.swift in Sources */,
				8991A50928E0D15F00D5AC2B /* ReviewCollectionViewCell.swift in Sources */,
				89E4797628D7681900C3E1E0 /* AppDelegate.swift in Sources */,
				89D2FD0C28E6544F000C118C /* PostLikeResponse.swift in Sources */,
				89D87C8128E447C8005D5756 /* PointCollectionViewCell.swift in Sources */,
				89939DB828DDD0E3002004C2 /* LoginDataManager.swift in Sources */,
				8991A4F728E0945C00D5AC2B /* GoodsResponse.swift in Sources */,
				89E4797828D7681900C3E1E0 /* SceneDelegate.swift in Sources */,
				89C3D5AA28E53A93002A9507 /* OrderDetailTableViewCell.swift in Sources */,
				8965255428DCCCD4004A7D1F /* SearchRecentCollectionViewCell.swift in Sources */,
				890F196128D8EBCD00927292 /* UIButton.swift in Sources */,
				89D2FCFC28E5CE9C000C118C /* CategoryResponse.swift in Sources */,
				89D2FCF728E5CAFB000C118C /* CategoryTableViewCell.swift in Sources */,
				89E89A6228E1F9E50029D0BA /* AddressManagementHeaderView.swift in Sources */,
				89E6C36128DB071A00A48052 /* UIView.swift in Sources */,
				8991A4EF28DF718600D5AC2B /* DetailViewController.swift in Sources */,
				89C3D5AC28E53D84002A9507 /* OrderDataManager.swift in Sources */,
				8991A4E828DF00A200D5AC2B /* BrandViewController.swift in Sources */,
				89C3D5A028E529BA002A9507 /* OrderDetailHeaderView.swift in Sources */,
				89C3D59428E4B4A6002A9507 /* AgreementPopupViewController.swift in Sources */,
				89D2FD0828E6107F000C118C /* WriteResponse.swift in Sources */,
				89D87C8528E44D57005D5756 /* PriceCollectionViewCell.swift in Sources */,
				8991A50528E0D11000D5AC2B /* ReviewHeaderCollectionReusableView.swift in Sources */,
				89E6C35B28DAF5A100A48052 /* WritePhotoCollectionViewCell.swift in Sources */,
				89D2FD0028E5D0FA000C118C /* CategoryOptionHeaderView.swift in Sources */,
				8902131928E2F422001D71E9 /* AddressAddResponse.swift in Sources */,
				89E89A5E28E1C3C20029D0BA /* SelectReceiptViewController.swift in Sources */,
				89D2FD0428E5EF61000C118C /* OptionViewController.swift in Sources */,
				8991A4DF28DEF68A00D5AC2B /* UINavigationBar.swift in Sources */,
				8987BA9728E0E47800A9C871 /* OrderTitleCollectionViewCell.swift in Sources */,
				89D2FD0228E5D10F000C118C /* CategoryOptionViewController.swift in Sources */,
				89D2FD1228E65678000C118C /* LikeDataManager.swift in Sources */,
				89D2FCFE28E5D0E5000C118C /* CategoryOptionTableViewCell.swift in Sources */,
				89C0EB5C28E177C900243D00 /* SelectAddressViewController.swift in Sources */,
				8987BA9228E0DFC900A9C871 /* AddressCollectionViewCell.swift in Sources */,
				89F452D928E5949500E86E03 /* TagViewController.swift in Sources */,
				89C3D5A828E53711002A9507 /* OrderDetailSectionHeaderView.swift in Sources */,
				89C3D5A228E52A8F002A9507 /* OrderDetailViewController.swift in Sources */,
				8991A4EA28DF15F800D5AC2B /* RecommendCollectionViewCell.swift in Sources */,
				8902131328E2D7E5001D71E9 /* Notification.swift in Sources */,
				8994934C28D9911A00333811 /* WriteViewController.swift in Sources */,
				89939DBB28DDD29D002004C2 /* LoginResponse.swift in Sources */,
				89D2FD0628E5F97A000C118C /* WriteRequest.swift in Sources */,
			);
			runOnlyForDeploymentPostprocessing = 0;
		};
/* End PBXSourcesBuildPhase section */

/* Begin PBXVariantGroup section */
		89E4797B28D7681900C3E1E0 /* MainStoryboard.storyboard */ = {
			isa = PBXVariantGroup;
			children = (
				89E4797C28D7681900C3E1E0 /* Base */,
			);
			name = MainStoryboard.storyboard;
			sourceTree = "<group>";
		};
		89E4798028D7681900C3E1E0 /* LaunchScreen.storyboard */ = {
			isa = PBXVariantGroup;
			children = (
				89E4798128D7681900C3E1E0 /* Base */,
			);
			name = LaunchScreen.storyboard;
			sourceTree = "<group>";
		};
/* End PBXVariantGroup section */

/* Begin XCBuildConfiguration section */
		89E4798428D7681900C3E1E0 /* Debug */ = {
			isa = XCBuildConfiguration;
			buildSettings = {
				ALWAYS_SEARCH_USER_PATHS = NO;
				CLANG_ANALYZER_NONNULL = YES;
				CLANG_ANALYZER_NUMBER_OBJECT_CONVERSION = YES_AGGRESSIVE;
				CLANG_CXX_LANGUAGE_STANDARD = "gnu++17";
				CLANG_ENABLE_MODULES = YES;
				CLANG_ENABLE_OBJC_ARC = YES;
				CLANG_ENABLE_OBJC_WEAK = YES;
				CLANG_WARN_BLOCK_CAPTURE_AUTORELEASING = YES;
				CLANG_WARN_BOOL_CONVERSION = YES;
				CLANG_WARN_COMMA = YES;
				CLANG_WARN_CONSTANT_CONVERSION = YES;
				CLANG_WARN_DEPRECATED_OBJC_IMPLEMENTATIONS = YES;
				CLANG_WARN_DIRECT_OBJC_ISA_USAGE = YES_ERROR;
				CLANG_WARN_DOCUMENTATION_COMMENTS = YES;
				CLANG_WARN_EMPTY_BODY = YES;
				CLANG_WARN_ENUM_CONVERSION = YES;
				CLANG_WARN_INFINITE_RECURSION = YES;
				CLANG_WARN_INT_CONVERSION = YES;
				CLANG_WARN_NON_LITERAL_NULL_CONVERSION = YES;
				CLANG_WARN_OBJC_IMPLICIT_RETAIN_SELF = YES;
				CLANG_WARN_OBJC_LITERAL_CONVERSION = YES;
				CLANG_WARN_OBJC_ROOT_CLASS = YES_ERROR;
				CLANG_WARN_QUOTED_INCLUDE_IN_FRAMEWORK_HEADER = YES;
				CLANG_WARN_RANGE_LOOP_ANALYSIS = YES;
				CLANG_WARN_STRICT_PROTOTYPES = YES;
				CLANG_WARN_SUSPICIOUS_MOVE = YES;
				CLANG_WARN_UNGUARDED_AVAILABILITY = YES_AGGRESSIVE;
				CLANG_WARN_UNREACHABLE_CODE = YES;
				CLANG_WARN__DUPLICATE_METHOD_MATCH = YES;
				COPY_PHASE_STRIP = NO;
				DEBUG_INFORMATION_FORMAT = dwarf;
				ENABLE_STRICT_OBJC_MSGSEND = YES;
				ENABLE_TESTABILITY = YES;
				GCC_C_LANGUAGE_STANDARD = gnu11;
				GCC_DYNAMIC_NO_PIC = NO;
				GCC_NO_COMMON_BLOCKS = YES;
				GCC_OPTIMIZATION_LEVEL = 0;
				GCC_PREPROCESSOR_DEFINITIONS = (
					"DEBUG=1",
					"$(inherited)",
				);
				GCC_WARN_64_TO_32_BIT_CONVERSION = YES;
				GCC_WARN_ABOUT_RETURN_TYPE = YES_ERROR;
				GCC_WARN_UNDECLARED_SELECTOR = YES;
				GCC_WARN_UNINITIALIZED_AUTOS = YES_AGGRESSIVE;
				GCC_WARN_UNUSED_FUNCTION = YES;
				GCC_WARN_UNUSED_VARIABLE = YES;
				IPHONEOS_DEPLOYMENT_TARGET = 15.4;
				MTL_ENABLE_DEBUG_INFO = INCLUDE_SOURCE;
				MTL_FAST_MATH = YES;
				ONLY_ACTIVE_ARCH = YES;
				SDKROOT = iphoneos;
				SWIFT_ACTIVE_COMPILATION_CONDITIONS = DEBUG;
				SWIFT_OPTIMIZATION_LEVEL = "-Onone";
			};
			name = Debug;
		};
		89E4798528D7681900C3E1E0 /* Release */ = {
			isa = XCBuildConfiguration;
			buildSettings = {
				ALWAYS_SEARCH_USER_PATHS = NO;
				CLANG_ANALYZER_NONNULL = YES;
				CLANG_ANALYZER_NUMBER_OBJECT_CONVERSION = YES_AGGRESSIVE;
				CLANG_CXX_LANGUAGE_STANDARD = "gnu++17";
				CLANG_ENABLE_MODULES = YES;
				CLANG_ENABLE_OBJC_ARC = YES;
				CLANG_ENABLE_OBJC_WEAK = YES;
				CLANG_WARN_BLOCK_CAPTURE_AUTORELEASING = YES;
				CLANG_WARN_BOOL_CONVERSION = YES;
				CLANG_WARN_COMMA = YES;
				CLANG_WARN_CONSTANT_CONVERSION = YES;
				CLANG_WARN_DEPRECATED_OBJC_IMPLEMENTATIONS = YES;
				CLANG_WARN_DIRECT_OBJC_ISA_USAGE = YES_ERROR;
				CLANG_WARN_DOCUMENTATION_COMMENTS = YES;
				CLANG_WARN_EMPTY_BODY = YES;
				CLANG_WARN_ENUM_CONVERSION = YES;
				CLANG_WARN_INFINITE_RECURSION = YES;
				CLANG_WARN_INT_CONVERSION = YES;
				CLANG_WARN_NON_LITERAL_NULL_CONVERSION = YES;
				CLANG_WARN_OBJC_IMPLICIT_RETAIN_SELF = YES;
				CLANG_WARN_OBJC_LITERAL_CONVERSION = YES;
				CLANG_WARN_OBJC_ROOT_CLASS = YES_ERROR;
				CLANG_WARN_QUOTED_INCLUDE_IN_FRAMEWORK_HEADER = YES;
				CLANG_WARN_RANGE_LOOP_ANALYSIS = YES;
				CLANG_WARN_STRICT_PROTOTYPES = YES;
				CLANG_WARN_SUSPICIOUS_MOVE = YES;
				CLANG_WARN_UNGUARDED_AVAILABILITY = YES_AGGRESSIVE;
				CLANG_WARN_UNREACHABLE_CODE = YES;
				CLANG_WARN__DUPLICATE_METHOD_MATCH = YES;
				COPY_PHASE_STRIP = NO;
				DEBUG_INFORMATION_FORMAT = "dwarf-with-dsym";
				ENABLE_NS_ASSERTIONS = NO;
				ENABLE_STRICT_OBJC_MSGSEND = YES;
				GCC_C_LANGUAGE_STANDARD = gnu11;
				GCC_NO_COMMON_BLOCKS = YES;
				GCC_WARN_64_TO_32_BIT_CONVERSION = YES;
				GCC_WARN_ABOUT_RETURN_TYPE = YES_ERROR;
				GCC_WARN_UNDECLARED_SELECTOR = YES;
				GCC_WARN_UNINITIALIZED_AUTOS = YES_AGGRESSIVE;
				GCC_WARN_UNUSED_FUNCTION = YES;
				GCC_WARN_UNUSED_VARIABLE = YES;
				IPHONEOS_DEPLOYMENT_TARGET = 15.4;
				MTL_ENABLE_DEBUG_INFO = NO;
				MTL_FAST_MATH = YES;
				SDKROOT = iphoneos;
				SWIFT_COMPILATION_MODE = wholemodule;
				SWIFT_OPTIMIZATION_LEVEL = "-O";
				VALIDATE_PRODUCT = YES;
			};
			name = Release;
		};
		89E4798728D7681900C3E1E0 /* Debug */ = {
			isa = XCBuildConfiguration;
			baseConfigurationReference = A2A41C2F0276971A1D96260B /* Pods-RisingTest.debug.xcconfig */;
			buildSettings = {
				ASSETCATALOG_COMPILER_APPICON_NAME = AppIcon;
				ASSETCATALOG_COMPILER_GLOBAL_ACCENT_COLOR_NAME = AccentColor;
				CODE_SIGN_STYLE = Automatic;
				CURRENT_PROJECT_VERSION = 1;
				DEVELOPMENT_TEAM = 3FP9A2A7KZ;
				GENERATE_INFOPLIST_FILE = YES;
				INFOPLIST_FILE = RisingTest/Info.plist;
				INFOPLIST_KEY_UIApplicationSupportsIndirectInputEvents = YES;
				INFOPLIST_KEY_UILaunchStoryboardName = LaunchScreen;
				INFOPLIST_KEY_UIMainStoryboardFile = MainStoryboard;
				INFOPLIST_KEY_UISupportedInterfaceOrientations = UIInterfaceOrientationPortrait;
				INFOPLIST_KEY_UISupportedInterfaceOrientations_iPad = "UIInterfaceOrientationPortrait UIInterfaceOrientationPortraitUpsideDown UIInterfaceOrientationLandscapeLeft UIInterfaceOrientationLandscapeRight";
				INFOPLIST_KEY_UISupportedInterfaceOrientations_iPhone = "UIInterfaceOrientationPortrait UIInterfaceOrientationLandscapeLeft UIInterfaceOrientationLandscapeRight";
				INFOPLIST_KEY_UIUserInterfaceStyle = Light;
				IPHONEOS_DEPLOYMENT_TARGET = 13.0;
				LD_RUNPATH_SEARCH_PATHS = (
					"$(inherited)",
					"@executable_path/Frameworks",
				);
				MARKETING_VERSION = 1.0;
				PRODUCT_BUNDLE_IDENTIFIER = "seoyoung-lee.RisingTest";
				PRODUCT_NAME = "$(TARGET_NAME)";
				SWIFT_EMIT_LOC_STRINGS = YES;
				SWIFT_VERSION = 5.0;
				TARGETED_DEVICE_FAMILY = 1;
			};
			name = Debug;
		};
		89E4798828D7681900C3E1E0 /* Release */ = {
			isa = XCBuildConfiguration;
			baseConfigurationReference = 7EF7B189EF1D211D9607F2D7 /* Pods-RisingTest.release.xcconfig */;
			buildSettings = {
				ASSETCATALOG_COMPILER_APPICON_NAME = AppIcon;
				ASSETCATALOG_COMPILER_GLOBAL_ACCENT_COLOR_NAME = AccentColor;
				CODE_SIGN_STYLE = Automatic;
				CURRENT_PROJECT_VERSION = 1;
				DEVELOPMENT_TEAM = 3FP9A2A7KZ;
				GENERATE_INFOPLIST_FILE = YES;
				INFOPLIST_FILE = RisingTest/Info.plist;
				INFOPLIST_KEY_UIApplicationSupportsIndirectInputEvents = YES;
				INFOPLIST_KEY_UILaunchStoryboardName = LaunchScreen;
				INFOPLIST_KEY_UIMainStoryboardFile = MainStoryboard;
				INFOPLIST_KEY_UISupportedInterfaceOrientations = UIInterfaceOrientationPortrait;
				INFOPLIST_KEY_UISupportedInterfaceOrientations_iPad = "UIInterfaceOrientationPortrait UIInterfaceOrientationPortraitUpsideDown UIInterfaceOrientationLandscapeLeft UIInterfaceOrientationLandscapeRight";
				INFOPLIST_KEY_UISupportedInterfaceOrientations_iPhone = "UIInterfaceOrientationPortrait UIInterfaceOrientationLandscapeLeft UIInterfaceOrientationLandscapeRight";
				INFOPLIST_KEY_UIUserInterfaceStyle = Light;
				IPHONEOS_DEPLOYMENT_TARGET = 13.0;
				LD_RUNPATH_SEARCH_PATHS = (
					"$(inherited)",
					"@executable_path/Frameworks",
				);
				MARKETING_VERSION = 1.0;
				PRODUCT_BUNDLE_IDENTIFIER = "seoyoung-lee.RisingTest";
				PRODUCT_NAME = "$(TARGET_NAME)";
				SWIFT_EMIT_LOC_STRINGS = YES;
				SWIFT_VERSION = 5.0;
				TARGETED_DEVICE_FAMILY = 1;
			};
			name = Release;
		};
/* End XCBuildConfiguration section */

/* Begin XCConfigurationList section */
		89E4796D28D7681900C3E1E0 /* Build configuration list for PBXProject "RisingTest" */ = {
			isa = XCConfigurationList;
			buildConfigurations = (
				89E4798428D7681900C3E1E0 /* Debug */,
				89E4798528D7681900C3E1E0 /* Release */,
			);
			defaultConfigurationIsVisible = 0;
			defaultConfigurationName = Release;
		};
		89E4798628D7681900C3E1E0 /* Build configuration list for PBXNativeTarget "RisingTest" */ = {
			isa = XCConfigurationList;
			buildConfigurations = (
				89E4798728D7681900C3E1E0 /* Debug */,
				89E4798828D7681900C3E1E0 /* Release */,
			);
			defaultConfigurationIsVisible = 0;
			defaultConfigurationName = Release;
		};
/* End XCConfigurationList section */

/* Begin XCRemoteSwiftPackageReference section */
		8965255928DD2B3A004A7D1F /* XCRemoteSwiftPackageReference "kakao-ios-sdk" */ = {
			isa = XCRemoteSwiftPackageReference;
			repositoryURL = "https://github.com/kakao/kakao-ios-sdk";
			requirement = {
				branch = master;
				kind = branch;
			};
		};
		8991A4E028DEFACF00D5AC2B /* XCRemoteSwiftPackageReference "Tabman" */ = {
			isa = XCRemoteSwiftPackageReference;
			repositoryURL = "https://github.com/uias/Tabman";
			requirement = {
				branch = main;
				kind = branch;
			};
		};
/* End XCRemoteSwiftPackageReference section */

/* Begin XCSwiftPackageProductDependency section */
		8965255A28DD2B3A004A7D1F /* KakaoSDKAuth */ = {
			isa = XCSwiftPackageProductDependency;
			package = 8965255928DD2B3A004A7D1F /* XCRemoteSwiftPackageReference "kakao-ios-sdk" */;
			productName = KakaoSDKAuth;
		};
		8965255C28DD2B3A004A7D1F /* KakaoSDKCommon */ = {
			isa = XCSwiftPackageProductDependency;
			package = 8965255928DD2B3A004A7D1F /* XCRemoteSwiftPackageReference "kakao-ios-sdk" */;
			productName = KakaoSDKCommon;
		};
		8965255E28DD2B3A004A7D1F /* KakaoSDKUser */ = {
			isa = XCSwiftPackageProductDependency;
			package = 8965255928DD2B3A004A7D1F /* XCRemoteSwiftPackageReference "kakao-ios-sdk" */;
			productName = KakaoSDKUser;
		};
		8991A4E128DEFACF00D5AC2B /* Tabman */ = {
			isa = XCSwiftPackageProductDependency;
			package = 8991A4E028DEFACF00D5AC2B /* XCRemoteSwiftPackageReference "Tabman" */;
			productName = Tabman;
		};
/* End XCSwiftPackageProductDependency section */
	};
	rootObject = 89E4796A28D7681900C3E1E0 /* Project object */;
}
