// !$*UTF8*$!
{
	archiveVersion = 1;
	classes = {
	};
	objectVersion = 55;
	objects = {

/* Begin PBXBuildFile section */
		890F195E28D8DA9C00927292 /* LoginCollectionViewCell.swift in Sources */ = {isa = PBXBuildFile; fileRef = 890F195D28D8DA9C00927292 /* LoginCollectionViewCell.swift */; };
		890F196128D8EBCD00927292 /* UIButton.swift in Sources */ = {isa = PBXBuildFile; fileRef = 890F196028D8EBCD00927292 /* UIButton.swift */; };
		89152A9C28D83F490071225D /* LoginStoryboard.storyboard in Resources */ = {isa = PBXBuildFile; fileRef = 89152A9B28D83F490071225D /* LoginStoryboard.storyboard */; };
		89152A9E28D840670071225D /* LoginViewController.swift in Sources */ = {isa = PBXBuildFile; fileRef = 89152A9D28D840670071225D /* LoginViewController.swift */; };
		8994934C28D9911A00333811 /* WriteViewController.swift in Sources */ = {isa = PBXBuildFile; fileRef = 8994934B28D9911A00333811 /* WriteViewController.swift */; };
		8994934E28D9918600333811 /* MainTabBarController.swift in Sources */ = {isa = PBXBuildFile; fileRef = 8994934D28D9918600333811 /* MainTabBarController.swift */; };
		8994935028D99C4000333811 /* SearchViewController.swift in Sources */ = {isa = PBXBuildFile; fileRef = 8994934F28D99C4000333811 /* SearchViewController.swift */; };
		8994935528D9B75000333811 /* WriteCollectionReusableView.swift in Sources */ = {isa = PBXBuildFile; fileRef = 8994935328D9B75000333811 /* WriteCollectionReusableView.swift */; };
		8994935628D9B75000333811 /* WriteCollectionReusableView.xib in Resources */ = {isa = PBXBuildFile; fileRef = 8994935428D9B75000333811 /* WriteCollectionReusableView.xib */; };
		8994935928D9B98E00333811 /* WriteUploadCollectionViewCell.swift in Sources */ = {isa = PBXBuildFile; fileRef = 8994935728D9B98E00333811 /* WriteUploadCollectionViewCell.swift */; };
		8994935A28D9B98E00333811 /* WriteUploadCollectionViewCell.xib in Resources */ = {isa = PBXBuildFile; fileRef = 8994935828D9B98E00333811 /* WriteUploadCollectionViewCell.xib */; };
		89BE704528DB7CC10093A704 /* TextViewCollectionViewCell.swift in Sources */ = {isa = PBXBuildFile; fileRef = 89BE704428DB7CC10093A704 /* TextViewCollectionViewCell.swift */; };
		89E4797628D7681900C3E1E0 /* AppDelegate.swift in Sources */ = {isa = PBXBuildFile; fileRef = 89E4797528D7681900C3E1E0 /* AppDelegate.swift */; };
		89E4797828D7681900C3E1E0 /* SceneDelegate.swift in Sources */ = {isa = PBXBuildFile; fileRef = 89E4797728D7681900C3E1E0 /* SceneDelegate.swift */; };
		89E4797A28D7681900C3E1E0 /* ViewController.swift in Sources */ = {isa = PBXBuildFile; fileRef = 89E4797928D7681900C3E1E0 /* ViewController.swift */; };
		89E4797D28D7681900C3E1E0 /* MainStoryboard.storyboard in Resources */ = {isa = PBXBuildFile; fileRef = 89E4797B28D7681900C3E1E0 /* MainStoryboard.storyboard */; };
		89E4797F28D7681900C3E1E0 /* Assets.xcassets in Resources */ = {isa = PBXBuildFile; fileRef = 89E4797E28D7681900C3E1E0 /* Assets.xcassets */; };
		89E4798228D7681900C3E1E0 /* LaunchScreen.storyboard in Resources */ = {isa = PBXBuildFile; fileRef = 89E4798028D7681900C3E1E0 /* LaunchScreen.storyboard */; };
		89E6C35B28DAF5A100A48052 /* WritePhotoCollectionViewCell.swift in Sources */ = {isa = PBXBuildFile; fileRef = 89E6C35928DAF5A100A48052 /* WritePhotoCollectionViewCell.swift */; };
		89E6C35C28DAF5A100A48052 /* WritePhotoCollectionViewCell.xib in Resources */ = {isa = PBXBuildFile; fileRef = 89E6C35A28DAF5A100A48052 /* WritePhotoCollectionViewCell.xib */; };
		89E6C35F28DAFA5900A48052 /* WriteCollectionViewCell.swift in Sources */ = {isa = PBXBuildFile; fileRef = 89E6C35E28DAFA5900A48052 /* WriteCollectionViewCell.swift */; };
		89E6C36128DB071A00A48052 /* UIView.swift in Sources */ = {isa = PBXBuildFile; fileRef = 89E6C36028DB071A00A48052 /* UIView.swift */; };
/* End PBXBuildFile section */

/* Begin PBXFileReference section */
		890F195D28D8DA9C00927292 /* LoginCollectionViewCell.swift */ = {isa = PBXFileReference; lastKnownFileType = sourcecode.swift; path = LoginCollectionViewCell.swift; sourceTree = "<group>"; };
		890F196028D8EBCD00927292 /* UIButton.swift */ = {isa = PBXFileReference; lastKnownFileType = sourcecode.swift; path = UIButton.swift; sourceTree = "<group>"; };
		89152A9B28D83F490071225D /* LoginStoryboard.storyboard */ = {isa = PBXFileReference; lastKnownFileType = file.storyboard; path = LoginStoryboard.storyboard; sourceTree = "<group>"; };
		89152A9D28D840670071225D /* LoginViewController.swift */ = {isa = PBXFileReference; lastKnownFileType = sourcecode.swift; path = LoginViewController.swift; sourceTree = "<group>"; };
		8994934B28D9911A00333811 /* WriteViewController.swift */ = {isa = PBXFileReference; lastKnownFileType = sourcecode.swift; path = WriteViewController.swift; sourceTree = "<group>"; };
		8994934D28D9918600333811 /* MainTabBarController.swift */ = {isa = PBXFileReference; lastKnownFileType = sourcecode.swift; path = MainTabBarController.swift; sourceTree = "<group>"; };
		8994934F28D99C4000333811 /* SearchViewController.swift */ = {isa = PBXFileReference; lastKnownFileType = sourcecode.swift; path = SearchViewController.swift; sourceTree = "<group>"; };
		8994935328D9B75000333811 /* WriteCollectionReusableView.swift */ = {isa = PBXFileReference; lastKnownFileType = sourcecode.swift; path = WriteCollectionReusableView.swift; sourceTree = "<group>"; };
		8994935428D9B75000333811 /* WriteCollectionReusableView.xib */ = {isa = PBXFileReference; lastKnownFileType = file.xib; path = WriteCollectionReusableView.xib; sourceTree = "<group>"; };
		8994935728D9B98E00333811 /* WriteUploadCollectionViewCell.swift */ = {isa = PBXFileReference; lastKnownFileType = sourcecode.swift; path = WriteUploadCollectionViewCell.swift; sourceTree = "<group>"; };
		8994935828D9B98E00333811 /* WriteUploadCollectionViewCell.xib */ = {isa = PBXFileReference; lastKnownFileType = file.xib; path = WriteUploadCollectionViewCell.xib; sourceTree = "<group>"; };
		89BE704428DB7CC10093A704 /* TextViewCollectionViewCell.swift */ = {isa = PBXFileReference; lastKnownFileType = sourcecode.swift; path = TextViewCollectionViewCell.swift; sourceTree = "<group>"; };
		89E4797228D7681900C3E1E0 /* RisingTest.app */ = {isa = PBXFileReference; explicitFileType = wrapper.application; includeInIndex = 0; path = RisingTest.app; sourceTree = BUILT_PRODUCTS_DIR; };
		89E4797528D7681900C3E1E0 /* AppDelegate.swift */ = {isa = PBXFileReference; lastKnownFileType = sourcecode.swift; path = AppDelegate.swift; sourceTree = "<group>"; };
		89E4797728D7681900C3E1E0 /* SceneDelegate.swift */ = {isa = PBXFileReference; lastKnownFileType = sourcecode.swift; path = SceneDelegate.swift; sourceTree = "<group>"; };
		89E4797928D7681900C3E1E0 /* ViewController.swift */ = {isa = PBXFileReference; lastKnownFileType = sourcecode.swift; path = ViewController.swift; sourceTree = "<group>"; };
		89E4797C28D7681900C3E1E0 /* Base */ = {isa = PBXFileReference; lastKnownFileType = file.storyboard; name = Base; path = Base.lproj/MainStoryboard.storyboard; sourceTree = "<group>"; };
		89E4797E28D7681900C3E1E0 /* Assets.xcassets */ = {isa = PBXFileReference; lastKnownFileType = folder.assetcatalog; path = Assets.xcassets; sourceTree = "<group>"; };
		89E4798128D7681900C3E1E0 /* Base */ = {isa = PBXFileReference; lastKnownFileType = file.storyboard; name = Base; path = Base.lproj/LaunchScreen.storyboard; sourceTree = "<group>"; };
		89E4798328D7681900C3E1E0 /* Info.plist */ = {isa = PBXFileReference; lastKnownFileType = text.plist.xml; path = Info.plist; sourceTree = "<group>"; };
		89E6C35928DAF5A100A48052 /* WritePhotoCollectionViewCell.swift */ = {isa = PBXFileReference; lastKnownFileType = sourcecode.swift; path = WritePhotoCollectionViewCell.swift; sourceTree = "<group>"; };
		89E6C35A28DAF5A100A48052 /* WritePhotoCollectionViewCell.xib */ = {isa = PBXFileReference; lastKnownFileType = file.xib; path = WritePhotoCollectionViewCell.xib; sourceTree = "<group>"; };
		89E6C35E28DAFA5900A48052 /* WriteCollectionViewCell.swift */ = {isa = PBXFileReference; lastKnownFileType = sourcecode.swift; path = WriteCollectionViewCell.swift; sourceTree = "<group>"; };
		89E6C36028DB071A00A48052 /* UIView.swift */ = {isa = PBXFileReference; lastKnownFileType = sourcecode.swift; path = UIView.swift; sourceTree = "<group>"; };
/* End PBXFileReference section */

/* Begin PBXFrameworksBuildPhase section */
		89E4796F28D7681900C3E1E0 /* Frameworks */ = {
			isa = PBXFrameworksBuildPhase;
			buildActionMask = 2147483647;
			files = (
			);
			runOnlyForDeploymentPostprocessing = 0;
		};
/* End PBXFrameworksBuildPhase section */

/* Begin PBXGroup section */
		890F195C28D8DA8900927292 /* View */ = {
			isa = PBXGroup;
			children = (
				890F195D28D8DA9C00927292 /* LoginCollectionViewCell.swift */,
			);
			path = View;
			sourceTree = "<group>";
		};
		890F195F28D8EBBC00927292 /* Extension */ = {
			isa = PBXGroup;
			children = (
				890F196028D8EBCD00927292 /* UIButton.swift */,
				89E6C36028DB071A00A48052 /* UIView.swift */,
			);
			path = Extension;
			sourceTree = "<group>";
		};
		89152A9628D83BC20071225D /* Source */ = {
			isa = PBXGroup;
			children = (
				89152A9A28D83D820071225D /* Login */,
				89152A9928D83C7E0071225D /* Main */,
				89E4797B28D7681900C3E1E0 /* MainStoryboard.storyboard */,
				89E4797928D7681900C3E1E0 /* ViewController.swift */,
			);
			path = Source;
			sourceTree = "<group>";
		};
		89152A9728D83BCE0071225D /* Util */ = {
			isa = PBXGroup;
			children = (
				890F195F28D8EBBC00927292 /* Extension */,
			);
			path = Util;
			sourceTree = "<group>";
		};
		89152A9828D83BD20071225D /* Configuration */ = {
			isa = PBXGroup;
			children = (
			);
			path = Configuration;
			sourceTree = "<group>";
		};
		89152A9928D83C7E0071225D /* Main */ = {
			isa = PBXGroup;
			children = (
				8965254B28DCAE77004A7D1F /* Search */,
				8994935128D99E5600333811 /* Write */,
				8994934D28D9918600333811 /* MainTabBarController.swift */,
			);
			path = Main;
			sourceTree = "<group>";
		};
		89152A9A28D83D820071225D /* Login */ = {
			isa = PBXGroup;
			children = (
				890F195C28D8DA8900927292 /* View */,
				89152A9B28D83F490071225D /* LoginStoryboard.storyboard */,
				89152A9D28D840670071225D /* LoginViewController.swift */,
			);
			path = Login;
			sourceTree = "<group>";
		};
		8965254B28DCAE77004A7D1F /* Search */ = {
			isa = PBXGroup;
			children = (
				8994934F28D99C4000333811 /* SearchViewController.swift */,
			);
			path = Search;
			sourceTree = "<group>";
		};
		8994935128D99E5600333811 /* Write */ = {
			isa = PBXGroup;
			children = (
				8994935228D9B73E00333811 /* View */,
				8994934B28D9911A00333811 /* WriteViewController.swift */,
			);
			path = Write;
			sourceTree = "<group>";
		};
		8994935228D9B73E00333811 /* View */ = {
			isa = PBXGroup;
			children = (
				89E6C35D28DAFA4100A48052 /* Photo */,
				89E6C35E28DAFA5900A48052 /* WriteCollectionViewCell.swift */,
				89BE704428DB7CC10093A704 /* TextViewCollectionViewCell.swift */,
			);
			path = View;
			sourceTree = "<group>";
		};
		89E4796928D7681900C3E1E0 = {
			isa = PBXGroup;
			children = (
				89E4797428D7681900C3E1E0 /* RisingTest */,
				89E4797328D7681900C3E1E0 /* Products */,
			);
			sourceTree = "<group>";
		};
		89E4797328D7681900C3E1E0 /* Products */ = {
			isa = PBXGroup;
			children = (
				89E4797228D7681900C3E1E0 /* RisingTest.app */,
			);
			name = Products;
			sourceTree = "<group>";
		};
		89E4797428D7681900C3E1E0 /* RisingTest */ = {
			isa = PBXGroup;
			children = (
				89152A9828D83BD20071225D /* Configuration */,
				89152A9728D83BCE0071225D /* Util */,
				89152A9628D83BC20071225D /* Source */,
				89E4797528D7681900C3E1E0 /* AppDelegate.swift */,
				89E4797728D7681900C3E1E0 /* SceneDelegate.swift */,
				89E4797E28D7681900C3E1E0 /* Assets.xcassets */,
				89E4798028D7681900C3E1E0 /* LaunchScreen.storyboard */,
				89E4798328D7681900C3E1E0 /* Info.plist */,
			);
			path = RisingTest;
			sourceTree = "<group>";
		};
		89E6C35D28DAFA4100A48052 /* Photo */ = {
			isa = PBXGroup;
			children = (
				8994935328D9B75000333811 /* WriteCollectionReusableView.swift */,
				8994935428D9B75000333811 /* WriteCollectionReusableView.xib */,
				8994935728D9B98E00333811 /* WriteUploadCollectionViewCell.swift */,
				8994935828D9B98E00333811 /* WriteUploadCollectionViewCell.xib */,
				89E6C35928DAF5A100A48052 /* WritePhotoCollectionViewCell.swift */,
				89E6C35A28DAF5A100A48052 /* WritePhotoCollectionViewCell.xib */,
			);
			path = Photo;
			sourceTree = "<group>";
		};
/* End PBXGroup section */

/* Begin PBXNativeTarget section */
		89E4797128D7681900C3E1E0 /* RisingTest */ = {
			isa = PBXNativeTarget;
			buildConfigurationList = 89E4798628D7681900C3E1E0 /* Build configuration list for PBXNativeTarget "RisingTest" */;
			buildPhases = (
				89E4796E28D7681900C3E1E0 /* Sources */,
				89E4796F28D7681900C3E1E0 /* Frameworks */,
				89E4797028D7681900C3E1E0 /* Resources */,
			);
			buildRules = (
			);
			dependencies = (
			);
			name = RisingTest;
			productName = RisingTest;
			productReference = 89E4797228D7681900C3E1E0 /* RisingTest.app */;
			productType = "com.apple.product-type.application";
		};
/* End PBXNativeTarget section */

/* Begin PBXProject section */
		89E4796A28D7681900C3E1E0 /* Project object */ = {
			isa = PBXProject;
			attributes = {
				BuildIndependentTargetsInParallel = 1;
				LastSwiftUpdateCheck = 1330;
				LastUpgradeCheck = 1330;
				TargetAttributes = {
					89E4797128D7681900C3E1E0 = {
						CreatedOnToolsVersion = 13.3.1;
					};
				};
			};
			buildConfigurationList = 89E4796D28D7681900C3E1E0 /* Build configuration list for PBXProject "RisingTest" */;
			compatibilityVersion = "Xcode 13.0";
			developmentRegion = en;
			hasScannedForEncodings = 0;
			knownRegions = (
				en,
				Base,
			);
			mainGroup = 89E4796928D7681900C3E1E0;
			productRefGroup = 89E4797328D7681900C3E1E0 /* Products */;
			projectDirPath = "";
			projectRoot = "";
			targets = (
				89E4797128D7681900C3E1E0 /* RisingTest */,
			);
		};
/* End PBXProject section */

/* Begin PBXResourcesBuildPhase section */
		89E4797028D7681900C3E1E0 /* Resources */ = {
			isa = PBXResourcesBuildPhase;
			buildActionMask = 2147483647;
			files = (
				89E4798228D7681900C3E1E0 /* LaunchScreen.storyboard in Resources */,
				89E6C35C28DAF5A100A48052 /* WritePhotoCollectionViewCell.xib in Resources */,
				8994935628D9B75000333811 /* WriteCollectionReusableView.xib in Resources */,
				8994935A28D9B98E00333811 /* WriteUploadCollectionViewCell.xib in Resources */,
				89E4797F28D7681900C3E1E0 /* Assets.xcassets in Resources */,
				89E4797D28D7681900C3E1E0 /* MainStoryboard.storyboard in Resources */,
				89152A9C28D83F490071225D /* LoginStoryboard.storyboard in Resources */,
			);
			runOnlyForDeploymentPostprocessing = 0;
		};
/* End PBXResourcesBuildPhase section */

/* Begin PBXSourcesBuildPhase section */
		89E4796E28D7681900C3E1E0 /* Sources */ = {
			isa = PBXSourcesBuildPhase;
			buildActionMask = 2147483647;
			files = (
				89152A9E28D840670071225D /* LoginViewController.swift in Sources */,
				890F195E28D8DA9C00927292 /* LoginCollectionViewCell.swift in Sources */,
				89E6C35F28DAFA5900A48052 /* WriteCollectionViewCell.swift in Sources */,
				8994934E28D9918600333811 /* MainTabBarController.swift in Sources */,
				8994935928D9B98E00333811 /* WriteUploadCollectionViewCell.swift in Sources */,
				8994935028D99C4000333811 /* SearchViewController.swift in Sources */,
				89E4797A28D7681900C3E1E0 /* ViewController.swift in Sources */,
				89BE704528DB7CC10093A704 /* TextViewCollectionViewCell.swift in Sources */,
				89E4797628D7681900C3E1E0 /* AppDelegate.swift in Sources */,
				89E4797828D7681900C3E1E0 /* SceneDelegate.swift in Sources */,
				890F196128D8EBCD00927292 /* UIButton.swift in Sources */,
				89E6C36128DB071A00A48052 /* UIView.swift in Sources */,
				89E6C35B28DAF5A100A48052 /* WritePhotoCollectionViewCell.swift in Sources */,
				8994934C28D9911A00333811 /* WriteViewController.swift in Sources */,
				8994935528D9B75000333811 /* WriteCollectionReusableView.swift in Sources */,
			);
			runOnlyForDeploymentPostprocessing = 0;
		};
/* End PBXSourcesBuildPhase section */

/* Begin PBXVariantGroup section */
		89E4797B28D7681900C3E1E0 /* MainStoryboard.storyboard */ = {
			isa = PBXVariantGroup;
			children = (
				89E4797C28D7681900C3E1E0 /* Base */,
			);
			name = MainStoryboard.storyboard;
			sourceTree = "<group>";
		};
		89E4798028D7681900C3E1E0 /* LaunchScreen.storyboard */ = {
			isa = PBXVariantGroup;
			children = (
				89E4798128D7681900C3E1E0 /* Base */,
			);
			name = LaunchScreen.storyboard;
			sourceTree = "<group>";
		};
/* End PBXVariantGroup section */

/* Begin XCBuildConfiguration section */
		89E4798428D7681900C3E1E0 /* Debug */ = {
			isa = XCBuildConfiguration;
			buildSettings = {
				ALWAYS_SEARCH_USER_PATHS = NO;
				CLANG_ANALYZER_NONNULL = YES;
				CLANG_ANALYZER_NUMBER_OBJECT_CONVERSION = YES_AGGRESSIVE;
				CLANG_CXX_LANGUAGE_STANDARD = "gnu++17";
				CLANG_ENABLE_MODULES = YES;
				CLANG_ENABLE_OBJC_ARC = YES;
				CLANG_ENABLE_OBJC_WEAK = YES;
				CLANG_WARN_BLOCK_CAPTURE_AUTORELEASING = YES;
				CLANG_WARN_BOOL_CONVERSION = YES;
				CLANG_WARN_COMMA = YES;
				CLANG_WARN_CONSTANT_CONVERSION = YES;
				CLANG_WARN_DEPRECATED_OBJC_IMPLEMENTATIONS = YES;
				CLANG_WARN_DIRECT_OBJC_ISA_USAGE = YES_ERROR;
				CLANG_WARN_DOCUMENTATION_COMMENTS = YES;
				CLANG_WARN_EMPTY_BODY = YES;
				CLANG_WARN_ENUM_CONVERSION = YES;
				CLANG_WARN_INFINITE_RECURSION = YES;
				CLANG_WARN_INT_CONVERSION = YES;
				CLANG_WARN_NON_LITERAL_NULL_CONVERSION = YES;
				CLANG_WARN_OBJC_IMPLICIT_RETAIN_SELF = YES;
				CLANG_WARN_OBJC_LITERAL_CONVERSION = YES;
				CLANG_WARN_OBJC_ROOT_CLASS = YES_ERROR;
				CLANG_WARN_QUOTED_INCLUDE_IN_FRAMEWORK_HEADER = YES;
				CLANG_WARN_RANGE_LOOP_ANALYSIS = YES;
				CLANG_WARN_STRICT_PROTOTYPES = YES;
				CLANG_WARN_SUSPICIOUS_MOVE = YES;
				CLANG_WARN_UNGUARDED_AVAILABILITY = YES_AGGRESSIVE;
				CLANG_WARN_UNREACHABLE_CODE = YES;
				CLANG_WARN__DUPLICATE_METHOD_MATCH = YES;
				COPY_PHASE_STRIP = NO;
				DEBUG_INFORMATION_FORMAT = dwarf;
				ENABLE_STRICT_OBJC_MSGSEND = YES;
				ENABLE_TESTABILITY = YES;
				GCC_C_LANGUAGE_STANDARD = gnu11;
				GCC_DYNAMIC_NO_PIC = NO;
				GCC_NO_COMMON_BLOCKS = YES;
				GCC_OPTIMIZATION_LEVEL = 0;
				GCC_PREPROCESSOR_DEFINITIONS = (
					"DEBUG=1",
					"$(inherited)",
				);
				GCC_WARN_64_TO_32_BIT_CONVERSION = YES;
				GCC_WARN_ABOUT_RETURN_TYPE = YES_ERROR;
				GCC_WARN_UNDECLARED_SELECTOR = YES;
				GCC_WARN_UNINITIALIZED_AUTOS = YES_AGGRESSIVE;
				GCC_WARN_UNUSED_FUNCTION = YES;
				GCC_WARN_UNUSED_VARIABLE = YES;
				IPHONEOS_DEPLOYMENT_TARGET = 15.4;
				MTL_ENABLE_DEBUG_INFO = INCLUDE_SOURCE;
				MTL_FAST_MATH = YES;
				ONLY_ACTIVE_ARCH = YES;
				SDKROOT = iphoneos;
				SWIFT_ACTIVE_COMPILATION_CONDITIONS = DEBUG;
				SWIFT_OPTIMIZATION_LEVEL = "-Onone";
			};
			name = Debug;
		};
		89E4798528D7681900C3E1E0 /* Release */ = {
			isa = XCBuildConfiguration;
			buildSettings = {
				ALWAYS_SEARCH_USER_PATHS = NO;
				CLANG_ANALYZER_NONNULL = YES;
				CLANG_ANALYZER_NUMBER_OBJECT_CONVERSION = YES_AGGRESSIVE;
				CLANG_CXX_LANGUAGE_STANDARD = "gnu++17";
				CLANG_ENABLE_MODULES = YES;
				CLANG_ENABLE_OBJC_ARC = YES;
				CLANG_ENABLE_OBJC_WEAK = YES;
				CLANG_WARN_BLOCK_CAPTURE_AUTORELEASING = YES;
				CLANG_WARN_BOOL_CONVERSION = YES;
				CLANG_WARN_COMMA = YES;
				CLANG_WARN_CONSTANT_CONVERSION = YES;
				CLANG_WARN_DEPRECATED_OBJC_IMPLEMENTATIONS = YES;
				CLANG_WARN_DIRECT_OBJC_ISA_USAGE = YES_ERROR;
				CLANG_WARN_DOCUMENTATION_COMMENTS = YES;
				CLANG_WARN_EMPTY_BODY = YES;
				CLANG_WARN_ENUM_CONVERSION = YES;
				CLANG_WARN_INFINITE_RECURSION = YES;
				CLANG_WARN_INT_CONVERSION = YES;
				CLANG_WARN_NON_LITERAL_NULL_CONVERSION = YES;
				CLANG_WARN_OBJC_IMPLICIT_RETAIN_SELF = YES;
				CLANG_WARN_OBJC_LITERAL_CONVERSION = YES;
				CLANG_WARN_OBJC_ROOT_CLASS = YES_ERROR;
				CLANG_WARN_QUOTED_INCLUDE_IN_FRAMEWORK_HEADER = YES;
				CLANG_WARN_RANGE_LOOP_ANALYSIS = YES;
				CLANG_WARN_STRICT_PROTOTYPES = YES;
				CLANG_WARN_SUSPICIOUS_MOVE = YES;
				CLANG_WARN_UNGUARDED_AVAILABILITY = YES_AGGRESSIVE;
				CLANG_WARN_UNREACHABLE_CODE = YES;
				CLANG_WARN__DUPLICATE_METHOD_MATCH = YES;
				COPY_PHASE_STRIP = NO;
				DEBUG_INFORMATION_FORMAT = "dwarf-with-dsym";
				ENABLE_NS_ASSERTIONS = NO;
				ENABLE_STRICT_OBJC_MSGSEND = YES;
				GCC_C_LANGUAGE_STANDARD = gnu11;
				GCC_NO_COMMON_BLOCKS = YES;
				GCC_WARN_64_TO_32_BIT_CONVERSION = YES;
				GCC_WARN_ABOUT_RETURN_TYPE = YES_ERROR;
				GCC_WARN_UNDECLARED_SELECTOR = YES;
				GCC_WARN_UNINITIALIZED_AUTOS = YES_AGGRESSIVE;
				GCC_WARN_UNUSED_FUNCTION = YES;
				GCC_WARN_UNUSED_VARIABLE = YES;
				IPHONEOS_DEPLOYMENT_TARGET = 15.4;
				MTL_ENABLE_DEBUG_INFO = NO;
				MTL_FAST_MATH = YES;
				SDKROOT = iphoneos;
				SWIFT_COMPILATION_MODE = wholemodule;
				SWIFT_OPTIMIZATION_LEVEL = "-O";
				VALIDATE_PRODUCT = YES;
			};
			name = Release;
		};
		89E4798728D7681900C3E1E0 /* Debug */ = {
			isa = XCBuildConfiguration;
			buildSettings = {
				ASSETCATALOG_COMPILER_APPICON_NAME = AppIcon;
				ASSETCATALOG_COMPILER_GLOBAL_ACCENT_COLOR_NAME = AccentColor;
				CODE_SIGN_STYLE = Automatic;
				CURRENT_PROJECT_VERSION = 1;
				DEVELOPMENT_TEAM = 3FP9A2A7KZ;
				GENERATE_INFOPLIST_FILE = YES;
				INFOPLIST_FILE = RisingTest/Info.plist;
				INFOPLIST_KEY_UIApplicationSupportsIndirectInputEvents = YES;
				INFOPLIST_KEY_UILaunchStoryboardName = LaunchScreen;
				INFOPLIST_KEY_UISupportedInterfaceOrientations = UIInterfaceOrientationPortrait;
				INFOPLIST_KEY_UISupportedInterfaceOrientations_iPad = "UIInterfaceOrientationPortrait UIInterfaceOrientationPortraitUpsideDown UIInterfaceOrientationLandscapeLeft UIInterfaceOrientationLandscapeRight";
				INFOPLIST_KEY_UISupportedInterfaceOrientations_iPhone = "UIInterfaceOrientationPortrait UIInterfaceOrientationLandscapeLeft UIInterfaceOrientationLandscapeRight";
				INFOPLIST_KEY_UIUserInterfaceStyle = Light;
				IPHONEOS_DEPLOYMENT_TARGET = 13.0;
				LD_RUNPATH_SEARCH_PATHS = (
					"$(inherited)",
					"@executable_path/Frameworks",
				);
				MARKETING_VERSION = 1.0;
				PRODUCT_BUNDLE_IDENTIFIER = "seoyoung-lee.RisingTest";
				PRODUCT_NAME = "$(TARGET_NAME)";
				SWIFT_EMIT_LOC_STRINGS = YES;
				SWIFT_VERSION = 5.0;
				TARGETED_DEVICE_FAMILY = 1;
			};
			name = Debug;
		};
		89E4798828D7681900C3E1E0 /* Release */ = {
			isa = XCBuildConfiguration;
			buildSettings = {
				ASSETCATALOG_COMPILER_APPICON_NAME = AppIcon;
				ASSETCATALOG_COMPILER_GLOBAL_ACCENT_COLOR_NAME = AccentColor;
				CODE_SIGN_STYLE = Automatic;
				CURRENT_PROJECT_VERSION = 1;
				DEVELOPMENT_TEAM = 3FP9A2A7KZ;
				GENERATE_INFOPLIST_FILE = YES;
				INFOPLIST_FILE = RisingTest/Info.plist;
				INFOPLIST_KEY_UIApplicationSupportsIndirectInputEvents = YES;
				INFOPLIST_KEY_UILaunchStoryboardName = LaunchScreen;
				INFOPLIST_KEY_UISupportedInterfaceOrientations = UIInterfaceOrientationPortrait;
				INFOPLIST_KEY_UISupportedInterfaceOrientations_iPad = "UIInterfaceOrientationPortrait UIInterfaceOrientationPortraitUpsideDown UIInterfaceOrientationLandscapeLeft UIInterfaceOrientationLandscapeRight";
				INFOPLIST_KEY_UISupportedInterfaceOrientations_iPhone = "UIInterfaceOrientationPortrait UIInterfaceOrientationLandscapeLeft UIInterfaceOrientationLandscapeRight";
				INFOPLIST_KEY_UIUserInterfaceStyle = Light;
				IPHONEOS_DEPLOYMENT_TARGET = 13.0;
				LD_RUNPATH_SEARCH_PATHS = (
					"$(inherited)",
					"@executable_path/Frameworks",
				);
				MARKETING_VERSION = 1.0;
				PRODUCT_BUNDLE_IDENTIFIER = "seoyoung-lee.RisingTest";
				PRODUCT_NAME = "$(TARGET_NAME)";
				SWIFT_EMIT_LOC_STRINGS = YES;
				SWIFT_VERSION = 5.0;
				TARGETED_DEVICE_FAMILY = 1;
			};
			name = Release;
		};
/* End XCBuildConfiguration section */

/* Begin XCConfigurationList section */
		89E4796D28D7681900C3E1E0 /* Build configuration list for PBXProject "RisingTest" */ = {
			isa = XCConfigurationList;
			buildConfigurations = (
				89E4798428D7681900C3E1E0 /* Debug */,
				89E4798528D7681900C3E1E0 /* Release */,
			);
			defaultConfigurationIsVisible = 0;
			defaultConfigurationName = Release;
		};
		89E4798628D7681900C3E1E0 /* Build configuration list for PBXNativeTarget "RisingTest" */ = {
			isa = XCConfigurationList;
			buildConfigurations = (
				89E4798728D7681900C3E1E0 /* Debug */,
				89E4798828D7681900C3E1E0 /* Release */,
			);
			defaultConfigurationIsVisible = 0;
			defaultConfigurationName = Release;
		};
/* End XCConfigurationList section */
	};
	rootObject = 89E4796A28D7681900C3E1E0 /* Project object */;
}
